// !$*UTF8*$!
{
	archiveVersion = 1;
	classes = {
	};
	objectVersion = 56;
	objects = {

/* Begin PBXBuildFile section */
		2E0274E02B6FCF5200F92177 /* MainMenuViewController.swift in Sources */ = {isa = PBXBuildFile; fileRef = 2E0274DF2B6FCF5200F92177 /* MainMenuViewController.swift */; };
		2E0274E62B6FEF3E00F92177 /* UserDefaultManager.swift in Sources */ = {isa = PBXBuildFile; fileRef = 2E0274E52B6FEF3E00F92177 /* UserDefaultManager.swift */; };
		2E1D4F082B72816A0065D9B2 /* UserInfoModel.swift in Sources */ = {isa = PBXBuildFile; fileRef = 2E1D4F072B72816A0065D9B2 /* UserInfoModel.swift */; };
		2E3E5A7D2B6C04590000E651 /* UploadViewController.swift in Sources */ = {isa = PBXBuildFile; fileRef = 2E3E5A7C2B6C04590000E651 /* UploadViewController.swift */; };
		2E3E5A7F2B6C0CA10000E651 /* UploadedImgCollectionViewCell.swift in Sources */ = {isa = PBXBuildFile; fileRef = 2E3E5A7E2B6C0CA10000E651 /* UploadedImgCollectionViewCell.swift */; };
		2E56A0DB2B76499A007747ED /* UserInfoDataManager.swift in Sources */ = {isa = PBXBuildFile; fileRef = 2E56A0DA2B76499A007747ED /* UserInfoDataManager.swift */; };
		2E56A0DD2B78861B007747ED /* KeyChain.swift in Sources */ = {isa = PBXBuildFile; fileRef = 2E56A0DC2B78861B007747ED /* KeyChain.swift */; };
		2E6C26C82B497AD200C87B4A /* AppDelegate.swift in Sources */ = {isa = PBXBuildFile; fileRef = 2E6C26C72B497AD200C87B4A /* AppDelegate.swift */; };
		2E6C26CA2B497AD200C87B4A /* SceneDelegate.swift in Sources */ = {isa = PBXBuildFile; fileRef = 2E6C26C92B497AD200C87B4A /* SceneDelegate.swift */; };
		2E6C26D12B497AD400C87B4A /* Assets.xcassets in Resources */ = {isa = PBXBuildFile; fileRef = 2E6C26D02B497AD400C87B4A /* Assets.xcassets */; };
		2E6C26D42B497AD400C87B4A /* LaunchScreen.storyboard in Resources */ = {isa = PBXBuildFile; fileRef = 2E6C26D22B497AD400C87B4A /* LaunchScreen.storyboard */; };
		2E6C26DC2B497DE700C87B4A /* WeeklyBestVC.swift in Sources */ = {isa = PBXBuildFile; fileRef = 2E6C26DB2B497DE700C87B4A /* WeeklyBestVC.swift */; };
		2E6C26EB2B49820100C87B4A /* RecommendViewController.swift in Sources */ = {isa = PBXBuildFile; fileRef = 2E6C26EA2B49820100C87B4A /* RecommendViewController.swift */; };
		2E6C26F32B49836600C87B4A /* UIColor+CustomColor.swift in Sources */ = {isa = PBXBuildFile; fileRef = 2E6C26F22B49836600C87B4A /* UIColor+CustomColor.swift */; };
		2E6C26F52B4983D600C87B4A /* UIView+addSubViews.swift in Sources */ = {isa = PBXBuildFile; fileRef = 2E6C26F42B4983D600C87B4A /* UIView+addSubViews.swift */; };
		2E6C26F72B4983FC00C87B4A /* UITextField+AddPadding.swift in Sources */ = {isa = PBXBuildFile; fileRef = 2E6C26F62B4983FC00C87B4A /* UITextField+AddPadding.swift */; };
		2E6C26F92B49847200C87B4A /* UIStackView+AddArrangedSubviews.swift in Sources */ = {isa = PBXBuildFile; fileRef = 2E6C26F82B49847200C87B4A /* UIStackView+AddArrangedSubviews.swift */; };
		2E6C26FB2B4984B700C87B4A /* UIButton+Configuration.swift in Sources */ = {isa = PBXBuildFile; fileRef = 2E6C26FA2B4984B700C87B4A /* UIButton+Configuration.swift */; };
		2E6C270B2B4989D900C87B4A /* UIView+Gradient.swift in Sources */ = {isa = PBXBuildFile; fileRef = 2E6C270A2B4989D900C87B4A /* UIView+Gradient.swift */; };
		2E6C270F2B498D8400C87B4A /* TabBarViewController.swift in Sources */ = {isa = PBXBuildFile; fileRef = 2E6C270E2B498D8400C87B4A /* TabBarViewController.swift */; };
		2E7139592B5E7B05003D0190 /* .gitignore in Resources */ = {isa = PBXBuildFile; fileRef = 2E7139582B5E7B05003D0190 /* .gitignore */; };
		2E85190A2B6D23F10052EB30 /* ProfileCreationViewController.swift in Sources */ = {isa = PBXBuildFile; fileRef = 2E8519092B6D23F10052EB30 /* ProfileCreationViewController.swift */; };
		2E871E702B6E3DCB00B4BB70 /* InputTextFieldView.swift in Sources */ = {isa = PBXBuildFile; fileRef = 2E871E6F2B6E3DCB00B4BB70 /* InputTextFieldView.swift */; };
		2EB001932B5E40BD00B74580 /* AuthenticationViewController.swift in Sources */ = {isa = PBXBuildFile; fileRef = 2EB001922B5E40BD00B74580 /* AuthenticationViewController.swift */; };
		2EC9AF5D2B666870003DF1A6 /* TermsViewController.swift in Sources */ = {isa = PBXBuildFile; fileRef = 2EC9AF5C2B666870003DF1A6 /* TermsViewController.swift */; };
		2EE2E88D2B657A52006F81E9 /* KakaoAuthViewModel.swift in Sources */ = {isa = PBXBuildFile; fileRef = 2EE2E88C2B657A52006F81E9 /* KakaoAuthViewModel.swift */; };
		2EFA32EE2B71153500059188 /* MainMenuBannerCollectionViewCell.swift in Sources */ = {isa = PBXBuildFile; fileRef = 2EFA32ED2B71153500059188 /* MainMenuBannerCollectionViewCell.swift */; };
		2EFA32F02B714B6200059188 /* UILabel + setLineSpacing.swift in Sources */ = {isa = PBXBuildFile; fileRef = 2EFA32EF2B714B6200059188 /* UILabel + setLineSpacing.swift */; };
		2EFA32F22B714CC000059188 /* RecommendView.swift in Sources */ = {isa = PBXBuildFile; fileRef = 2EFA32F12B714CC000059188 /* RecommendView.swift */; };
		2EFA32F72B7156EF00059188 /* RecipeBookCollectionViewCell.swift in Sources */ = {isa = PBXBuildFile; fileRef = 2EFA32F62B7156EF00059188 /* RecipeBookCollectionViewCell.swift */; };
		2EFA32FA2B71629100059188 /* GradientView.swift in Sources */ = {isa = PBXBuildFile; fileRef = 2EFA32F92B71629100059188 /* GradientView.swift */; };
		2EFA32FD2B71648500059188 /* TodayCombiCollectionViewCell.swift in Sources */ = {isa = PBXBuildFile; fileRef = 2EFA32FC2B71648500059188 /* TodayCombiCollectionViewCell.swift */; };
		2EFF886B2B7BB0E00060C211 /* LoginInfoModel.swift in Sources */ = {isa = PBXBuildFile; fileRef = 2EFF886A2B7BB0E00060C211 /* LoginInfoModel.swift */; };
		5601EBB52B7BEE570043CCD4 /* CombinationDetailModel.swift in Sources */ = {isa = PBXBuildFile; fileRef = 5601EBB42B7BEE570043CCD4 /* CombinationDetailModel.swift */; };
		5601EBB72B7BEE750043CCD4 /* CombinationCommentModel.swift in Sources */ = {isa = PBXBuildFile; fileRef = 5601EBB62B7BEE750043CCD4 /* CombinationCommentModel.swift */; };
		5601EBB92B7BEE850043CCD4 /* CombinationDetailDataManager.swift in Sources */ = {isa = PBXBuildFile; fileRef = 5601EBB82B7BEE850043CCD4 /* CombinationDetailDataManager.swift */; };
		5601EBBB2B7BEED30043CCD4 /* CombinationCommentInput.swift in Sources */ = {isa = PBXBuildFile; fileRef = 5601EBBA2B7BEED30043CCD4 /* CombinationCommentInput.swift */; };
		5601EBC02B7C10F90043CCD4 /* RecipeBookHomeInput.swift in Sources */ = {isa = PBXBuildFile; fileRef = 5601EBBF2B7C10F90043CCD4 /* RecipeBookHomeInput.swift */; };
		5601EBC22B7C110C0043CCD4 /* RecipeBookHomeModel.swift in Sources */ = {isa = PBXBuildFile; fileRef = 5601EBC12B7C110C0043CCD4 /* RecipeBookHomeModel.swift */; };
		5601EBC62B7C11C10043CCD4 /* RecipeBookHomeDataManager.swift in Sources */ = {isa = PBXBuildFile; fileRef = 5601EBC52B7C11C10043CCD4 /* RecipeBookHomeDataManager.swift */; };
		5601EBC82B7C169A0043CCD4 /* RecipeBookSearchVC.swift in Sources */ = {isa = PBXBuildFile; fileRef = 5601EBC72B7C169A0043CCD4 /* RecipeBookSearchVC.swift */; };
		5601EBCB2B7C1E470043CCD4 /* RecipeBookDetailModel.swift in Sources */ = {isa = PBXBuildFile; fileRef = 5601EBCA2B7C1E470043CCD4 /* RecipeBookDetailModel.swift */; };
		5601EBCD2B7C1E9B0043CCD4 /* RecipeBookDetailDataManager.swift in Sources */ = {isa = PBXBuildFile; fileRef = 5601EBCC2B7C1E9B0043CCD4 /* RecipeBookDetailDataManager.swift */; };
		5601EBCF2B7C289B0043CCD4 /* RecipeBookDetailImageModel.swift in Sources */ = {isa = PBXBuildFile; fileRef = 5601EBCE2B7C289B0043CCD4 /* RecipeBookDetailImageModel.swift */; };
		5601EBD12B7C29480043CCD4 /* RecipeBookDetailImageInput.swift in Sources */ = {isa = PBXBuildFile; fileRef = 5601EBD02B7C29480043CCD4 /* RecipeBookDetailImageInput.swift */; };
		5658DDF72B57498600F72F42 /* TodayCombinationViewController.swift in Sources */ = {isa = PBXBuildFile; fileRef = 5658DDF62B57498600F72F42 /* TodayCombinationViewController.swift */; };
		5658DDF92B57C2A200F72F42 /* TodayCombinationCell.swift in Sources */ = {isa = PBXBuildFile; fileRef = 5658DDF82B57C2A200F72F42 /* TodayCombinationCell.swift */; };
		5658DE002B582A8D00F72F42 /* TodayCombinationDetailViewController.swift in Sources */ = {isa = PBXBuildFile; fileRef = 5658DDFF2B582A8D00F72F42 /* TodayCombinationDetailViewController.swift */; };
		5658DE022B582AC200F72F42 /* TodayCombinationDetailView.swift in Sources */ = {isa = PBXBuildFile; fileRef = 5658DE012B582AC200F72F42 /* TodayCombinationDetailView.swift */; };
		5668A2EB2B6EDB340009FCD6 /* SearchResultCell.swift in Sources */ = {isa = PBXBuildFile; fileRef = 5668A2EA2B6EDB340009FCD6 /* SearchResultCell.swift */; };
		5668A2ED2B6EDB400009FCD6 /* SearchResultView.swift in Sources */ = {isa = PBXBuildFile; fileRef = 5668A2EC2B6EDB400009FCD6 /* SearchResultView.swift */; };
		5668A2EF2B6EDB4F0009FCD6 /* CustomResultSearchBar.swift in Sources */ = {isa = PBXBuildFile; fileRef = 5668A2EE2B6EDB4F0009FCD6 /* CustomResultSearchBar.swift */; };
		5668A2F12B6EDB580009FCD6 /* CustomSearchBar.swift in Sources */ = {isa = PBXBuildFile; fileRef = 5668A2F02B6EDB580009FCD6 /* CustomSearchBar.swift */; };
		5668A2F32B6EDB9F0009FCD6 /* SearchResultVC.swift in Sources */ = {isa = PBXBuildFile; fileRef = 5668A2F22B6EDB9F0009FCD6 /* SearchResultVC.swift */; };
		5668A2F92B6EDCC00009FCD6 /* CommunityHome.swift in Sources */ = {isa = PBXBuildFile; fileRef = 5668A2F82B6EDCC00009FCD6 /* CommunityHome.swift */; };
		5668A2FB2B6EDCCC0009FCD6 /* CommunityHomeDataManager.swift in Sources */ = {isa = PBXBuildFile; fileRef = 5668A2FA2B6EDCCC0009FCD6 /* CommunityHomeDataManager.swift */; };
		5668A2FD2B6EDCD70009FCD6 /* CommunityHomeView.swift in Sources */ = {isa = PBXBuildFile; fileRef = 5668A2FC2B6EDCD70009FCD6 /* CommunityHomeView.swift */; };
		5668A2FF2B6EDCE00009FCD6 /* CommunityHomeCell.swift in Sources */ = {isa = PBXBuildFile; fileRef = 5668A2FE2B6EDCE00009FCD6 /* CommunityHomeCell.swift */; };
		5668A3012B6EDCFC0009FCD6 /* CommunityHomeVC.swift in Sources */ = {isa = PBXBuildFile; fileRef = 5668A3002B6EDCFC0009FCD6 /* CommunityHomeVC.swift */; };
		5668A3032B6EE3BD0009FCD6 /* WeeklyBestCell.swift in Sources */ = {isa = PBXBuildFile; fileRef = 5668A3022B6EE3BD0009FCD6 /* WeeklyBestCell.swift */; };
		5668A3052B6EE3C70009FCD6 /* WeeklyBestView.swift in Sources */ = {isa = PBXBuildFile; fileRef = 5668A3042B6EE3C70009FCD6 /* WeeklyBestView.swift */; };
		5668A3412B6F68280009FCD6 /* RecipeBookHomeVC.swift in Sources */ = {isa = PBXBuildFile; fileRef = 5668A3402B6F68280009FCD6 /* RecipeBookHomeVC.swift */; };
		5668A3432B6F68610009FCD6 /* RecipeBookHomeView.swift in Sources */ = {isa = PBXBuildFile; fileRef = 5668A3422B6F68610009FCD6 /* RecipeBookHomeView.swift */; };
		5668A3452B6F68780009FCD6 /* RecipeBookHomeCell.swift in Sources */ = {isa = PBXBuildFile; fileRef = 5668A3442B6F68780009FCD6 /* RecipeBookHomeCell.swift */; };
		5668A3472B6FBAB20009FCD6 /* RecipeBookDetailView.swift in Sources */ = {isa = PBXBuildFile; fileRef = 5668A3462B6FBAB20009FCD6 /* RecipeBookDetailView.swift */; };
		5668A34B2B6FBAE30009FCD6 /* RecipeBookDetailCell.swift in Sources */ = {isa = PBXBuildFile; fileRef = 5668A34A2B6FBAE30009FCD6 /* RecipeBookDetailCell.swift */; };
		5668A34D2B6FBAF00009FCD6 /* RecipeBookDetailVC.swift in Sources */ = {isa = PBXBuildFile; fileRef = 5668A34C2B6FBAF00009FCD6 /* RecipeBookDetailVC.swift */; };
		5668A34F2B6FC3F00009FCD6 /* RecipeBookDetailInfoView.swift in Sources */ = {isa = PBXBuildFile; fileRef = 5668A34E2B6FC3F00009FCD6 /* RecipeBookDetailInfoView.swift */; };
		5668A3B72B76B1FA0009FCD6 /* CombinationHomeInput.swift in Sources */ = {isa = PBXBuildFile; fileRef = 5668A3B62B76B1FA0009FCD6 /* CombinationHomeInput.swift */; };
		5668A3B92B76B2070009FCD6 /* CombinationHomeModel.swift in Sources */ = {isa = PBXBuildFile; fileRef = 5668A3B82B76B2070009FCD6 /* CombinationHomeModel.swift */; };
		5668A3BB2B76B2120009FCD6 /* CombinationHomeDataManager.swift in Sources */ = {isa = PBXBuildFile; fileRef = 5668A3BA2B76B2120009FCD6 /* CombinationHomeDataManager.swift */; };
		5668A3D12B78F69C0009FCD6 /* CombinationSearchVC.swift in Sources */ = {isa = PBXBuildFile; fileRef = 5668A3D02B78F69C0009FCD6 /* CombinationSearchVC.swift */; };
		5683D7FC2B7CDB98003DF2B5 /* Kingfisher in Frameworks */ = {isa = PBXBuildFile; productRef = 5683D7FB2B7CDB98003DF2B5 /* Kingfisher */; };
		5683D7FF2B7CDBFB003DF2B5 /* Alamofire in Frameworks */ = {isa = PBXBuildFile; productRef = 5683D7FE2B7CDBFB003DF2B5 /* Alamofire */; };
		5683D8022B7CDC03003DF2B5 /* KakaoSDK in Frameworks */ = {isa = PBXBuildFile; productRef = 5683D8012B7CDC03003DF2B5 /* KakaoSDK */; };
		5683D8042B7CDC03003DF2B5 /* KakaoSDKAuth in Frameworks */ = {isa = PBXBuildFile; productRef = 5683D8032B7CDC03003DF2B5 /* KakaoSDKAuth */; };
		5683D8062B7CDC03003DF2B5 /* KakaoSDKCert in Frameworks */ = {isa = PBXBuildFile; productRef = 5683D8052B7CDC03003DF2B5 /* KakaoSDKCert */; };
		5683D8082B7CDC03003DF2B5 /* KakaoSDKCertCore in Frameworks */ = {isa = PBXBuildFile; productRef = 5683D8072B7CDC03003DF2B5 /* KakaoSDKCertCore */; };
		5683D80A2B7CDC03003DF2B5 /* KakaoSDKCommon in Frameworks */ = {isa = PBXBuildFile; productRef = 5683D8092B7CDC03003DF2B5 /* KakaoSDKCommon */; };
		5683D80D2B7CDC0D003DF2B5 /* Then in Frameworks */ = {isa = PBXBuildFile; productRef = 5683D80C2B7CDC0D003DF2B5 /* Then */; };
		5683D8102B7CDC25003DF2B5 /* SnapKit in Frameworks */ = {isa = PBXBuildFile; productRef = 5683D80F2B7CDC25003DF2B5 /* SnapKit */; };
		56A405542B5B250D00BF85A8 /* TodayCombinationDetailCell.swift in Sources */ = {isa = PBXBuildFile; fileRef = 56A405532B5B250D00BF85A8 /* TodayCombinationDetailCell.swift */; };
		56A405672B5F776200BF85A8 /* CommentInputView.swift in Sources */ = {isa = PBXBuildFile; fileRef = 56A405662B5F776200BF85A8 /* CommentInputView.swift */; };
		56A9A93C2B6B52DC00EF7CA6 /* CommentView.swift in Sources */ = {isa = PBXBuildFile; fileRef = 56A9A93B2B6B52DC00EF7CA6 /* CommentView.swift */; };
		56A9A93E2B6B52FE00EF7CA6 /* CommentsView.swift in Sources */ = {isa = PBXBuildFile; fileRef = 56A9A93D2B6B52FE00EF7CA6 /* CommentsView.swift */; };
		56A9A9402B6B530400EF7CA6 /* CommentAreaView.swift in Sources */ = {isa = PBXBuildFile; fileRef = 56A9A93F2B6B530400EF7CA6 /* CommentAreaView.swift */; };
		56C9B2962B7CE6D200C59D60 /* WeeklyBestInput.swift in Sources */ = {isa = PBXBuildFile; fileRef = 56C9B2952B7CE6D200C59D60 /* WeeklyBestInput.swift */; };
		56C9B2982B7CE6E400C59D60 /* WeeklyBestModel.swift in Sources */ = {isa = PBXBuildFile; fileRef = 56C9B2972B7CE6E400C59D60 /* WeeklyBestModel.swift */; };
		56C9B29A2B7CE70100C59D60 /* WeeklyBestDataManager.swift in Sources */ = {isa = PBXBuildFile; fileRef = 56C9B2992B7CE70100C59D60 /* WeeklyBestDataManager.swift */; };
		56C9B29C2B7CE76600C59D60 /* WeeklyBestSearchVC.swift in Sources */ = {isa = PBXBuildFile; fileRef = 56C9B29B2B7CE76600C59D60 /* WeeklyBestSearchVC.swift */; };
		56C9B29F2B7CE8E000C59D60 /* Lottie in Frameworks */ = {isa = PBXBuildFile; productRef = 56C9B29E2B7CE8E000C59D60 /* Lottie */; };
		56EAD58A2B6C6C1A005C3A80 /* TodayCombinationView.swift in Sources */ = {isa = PBXBuildFile; fileRef = 56EAD5892B6C6C1A005C3A80 /* TodayCombinationView.swift */; };
		56F8A7162B8000C2000F6CA4 /* LikeViewController.swift in Sources */ = {isa = PBXBuildFile; fileRef = 56F8A7152B8000C2000F6CA4 /* LikeViewController.swift */; };
		56F8A7182B8000CA000F6CA4 /* LikeView.swift in Sources */ = {isa = PBXBuildFile; fileRef = 56F8A7172B8000CA000F6CA4 /* LikeView.swift */; };
		56F8A71A2B800D6F000F6CA4 /* LikeCell.swift in Sources */ = {isa = PBXBuildFile; fileRef = 56F8A7192B800D6F000F6CA4 /* LikeCell.swift */; };
		56F8A71F2B80111A000F6CA4 /* LikeAllCombinationModel.swift in Sources */ = {isa = PBXBuildFile; fileRef = 56F8A71E2B80111A000F6CA4 /* LikeAllCombinationModel.swift */; };
		56F8A7212B80114C000F6CA4 /* LikeAllRecipeBookModel.swift in Sources */ = {isa = PBXBuildFile; fileRef = 56F8A7202B80114C000F6CA4 /* LikeAllRecipeBookModel.swift */; };
		56F8A7232B801153000F6CA4 /* LikeDataManager.swift in Sources */ = {isa = PBXBuildFile; fileRef = 56F8A7222B801153000F6CA4 /* LikeDataManager.swift */; };
		56F8A7252B801166000F6CA4 /* LikeInput.swift in Sources */ = {isa = PBXBuildFile; fileRef = 56F8A7242B801166000F6CA4 /* LikeInput.swift */; };
		97EB4AC22B70F5E6009A62EB /* InputMyMoodViewController.swift in Sources */ = {isa = PBXBuildFile; fileRef = 97EB4ABB2B70F5E5009A62EB /* InputMyMoodViewController.swift */; };
		97EB4AC32B70F5E6009A62EB /* InputMyFoodViewController.swift in Sources */ = {isa = PBXBuildFile; fileRef = 97EB4ABC2B70F5E5009A62EB /* InputMyFoodViewController.swift */; };
		97EB4AC42B70F5E6009A62EB /* SelectMyMoodViewController.swift in Sources */ = {isa = PBXBuildFile; fileRef = 97EB4ABD2B70F5E5009A62EB /* SelectMyMoodViewController.swift */; };
		97EB4AC52B70F5E6009A62EB /* SelectWeatherViewController.swift in Sources */ = {isa = PBXBuildFile; fileRef = 97EB4ABE2B70F5E5009A62EB /* SelectWeatherViewController.swift */; };
		97EB4AC72B70F5E6009A62EB /* SelectDrunkDegreeViewController.swift in Sources */ = {isa = PBXBuildFile; fileRef = 97EB4AC02B70F5E6009A62EB /* SelectDrunkDegreeViewController.swift */; };
		97EB4ACA2B70F626009A62EB /* SelectMyMoodResource.swift in Sources */ = {isa = PBXBuildFile; fileRef = 97EB4AC92B70F626009A62EB /* SelectMyMoodResource.swift */; };
		97EB4ACC2B70F63B009A62EB /* SelectWeatherResource.swift in Sources */ = {isa = PBXBuildFile; fileRef = 97EB4ACB2B70F63B009A62EB /* SelectWeatherResource.swift */; };
		97EB4AD32B70F668009A62EB /* SelectTypeOfLiquorViewController.swift in Sources */ = {isa = PBXBuildFile; fileRef = 97EB4ACD2B70F668009A62EB /* SelectTypeOfLiquorViewController.swift */; };
		97EB4AD42B70F668009A62EB /* MyDrinkStyleViewController.swift in Sources */ = {isa = PBXBuildFile; fileRef = 97EB4ACE2B70F668009A62EB /* MyDrinkStyleViewController.swift */; };
		97EB4AD52B70F668009A62EB /* SelectDrinkCapacityViewController.swift in Sources */ = {isa = PBXBuildFile; fileRef = 97EB4ACF2B70F668009A62EB /* SelectDrinkCapacityViewController.swift */; };
		97EB4AD62B70F668009A62EB /* UserDrinkingTasteViewController.swift in Sources */ = {isa = PBXBuildFile; fileRef = 97EB4AD02B70F668009A62EB /* UserDrinkingTasteViewController.swift */; };
		97EB4AD72B70F668009A62EB /* SelectDrinkFrequencyViewController.swift in Sources */ = {isa = PBXBuildFile; fileRef = 97EB4AD12B70F668009A62EB /* SelectDrinkFrequencyViewController.swift */; };
		97EB4AD82B70F668009A62EB /* SelectAlcoholDegreeViewController.swift in Sources */ = {isa = PBXBuildFile; fileRef = 97EB4AD22B70F668009A62EB /* SelectAlcoholDegreeViewController.swift */; };
		97EB4AE52B70F704009A62EB /* CustomizedSlider.swift in Sources */ = {isa = PBXBuildFile; fileRef = 97EB4AE22B70F704009A62EB /* CustomizedSlider.swift */; };
		97EB4AE62B70F704009A62EB /* CustomizedSearchView.swift in Sources */ = {isa = PBXBuildFile; fileRef = 97EB4AE32B70F704009A62EB /* CustomizedSearchView.swift */; };
		97EB4AE72B70F704009A62EB /* CustomizedButtons.swift in Sources */ = {isa = PBXBuildFile; fileRef = 97EB4AE42B70F704009A62EB /* CustomizedButtons.swift */; };
		97EB4AE92B71101E009A62EB /* GetUserInfoViewController.swift in Sources */ = {isa = PBXBuildFile; fileRef = 97EB4AE82B71101E009A62EB /* GetUserInfoViewController.swift */; };
		97EB4AEB2B7140D2009A62EB /* SelectTypeOfLiquorResource.swift in Sources */ = {isa = PBXBuildFile; fileRef = 97EB4AEA2B7140D2009A62EB /* SelectTypeOfLiquorResource.swift */; };
		97EB4AED2B7140E5009A62EB /* SelectAlcoholDegreeResource.swift in Sources */ = {isa = PBXBuildFile; fileRef = 97EB4AEC2B7140E5009A62EB /* SelectAlcoholDegreeResource.swift */; };
		97EB4AEF2B714100009A62EB /* SelectDrinkCapacityResource.swift in Sources */ = {isa = PBXBuildFile; fileRef = 97EB4AEE2B714100009A62EB /* SelectDrinkCapacityResource.swift */; };
		97EB4AF12B714123009A62EB /* SelectDrinkFrequencyResource.swift in Sources */ = {isa = PBXBuildFile; fileRef = 97EB4AF02B714123009A62EB /* SelectDrinkFrequencyResource.swift */; };
		97EB4AF82B720CDB009A62EB /* Animation - 1707200937141.json in Resources */ = {isa = PBXBuildFile; fileRef = 97EB4AF72B720CDB009A62EB /* Animation - 1707200937141.json */; };
		97EB4AFC2B720D42009A62EB /* LoadingRecommendDrinkViewController.swift in Sources */ = {isa = PBXBuildFile; fileRef = 97EB4AFB2B720D42009A62EB /* LoadingRecommendDrinkViewController.swift */; };
/* End PBXBuildFile section */

/* Begin PBXFileReference section */
		2E0274DF2B6FCF5200F92177 /* MainMenuViewController.swift */ = {isa = PBXFileReference; lastKnownFileType = sourcecode.swift; path = MainMenuViewController.swift; sourceTree = "<group>"; };
		2E0274E52B6FEF3E00F92177 /* UserDefaultManager.swift */ = {isa = PBXFileReference; lastKnownFileType = sourcecode.swift; path = UserDefaultManager.swift; sourceTree = "<group>"; };
		2E1D4F072B72816A0065D9B2 /* UserInfoModel.swift */ = {isa = PBXFileReference; lastKnownFileType = sourcecode.swift; path = UserInfoModel.swift; sourceTree = "<group>"; };
		2E3E5A7C2B6C04590000E651 /* UploadViewController.swift */ = {isa = PBXFileReference; lastKnownFileType = sourcecode.swift; path = UploadViewController.swift; sourceTree = "<group>"; };
		2E3E5A7E2B6C0CA10000E651 /* UploadedImgCollectionViewCell.swift */ = {isa = PBXFileReference; lastKnownFileType = sourcecode.swift; path = UploadedImgCollectionViewCell.swift; sourceTree = "<group>"; };
		2E56A0DA2B76499A007747ED /* UserInfoDataManager.swift */ = {isa = PBXFileReference; lastKnownFileType = sourcecode.swift; path = UserInfoDataManager.swift; sourceTree = "<group>"; };
		2E56A0DC2B78861B007747ED /* KeyChain.swift */ = {isa = PBXFileReference; lastKnownFileType = sourcecode.swift; path = KeyChain.swift; sourceTree = "<group>"; };
		2E6C26C42B497AD200C87B4A /* DrinkingGourmet.app */ = {isa = PBXFileReference; explicitFileType = wrapper.application; includeInIndex = 0; path = DrinkingGourmet.app; sourceTree = BUILT_PRODUCTS_DIR; };
		2E6C26C72B497AD200C87B4A /* AppDelegate.swift */ = {isa = PBXFileReference; lastKnownFileType = sourcecode.swift; path = AppDelegate.swift; sourceTree = "<group>"; };
		2E6C26C92B497AD200C87B4A /* SceneDelegate.swift */ = {isa = PBXFileReference; lastKnownFileType = sourcecode.swift; path = SceneDelegate.swift; sourceTree = "<group>"; };
		2E6C26D02B497AD400C87B4A /* Assets.xcassets */ = {isa = PBXFileReference; lastKnownFileType = folder.assetcatalog; path = Assets.xcassets; sourceTree = "<group>"; };
		2E6C26D32B497AD400C87B4A /* Base */ = {isa = PBXFileReference; lastKnownFileType = file.storyboard; name = Base; path = Base.lproj/LaunchScreen.storyboard; sourceTree = "<group>"; };
		2E6C26D52B497AD400C87B4A /* Info.plist */ = {isa = PBXFileReference; lastKnownFileType = text.plist.xml; path = Info.plist; sourceTree = "<group>"; };
		2E6C26DB2B497DE700C87B4A /* WeeklyBestVC.swift */ = {isa = PBXFileReference; lastKnownFileType = sourcecode.swift; path = WeeklyBestVC.swift; sourceTree = "<group>"; };
		2E6C26EA2B49820100C87B4A /* RecommendViewController.swift */ = {isa = PBXFileReference; lastKnownFileType = sourcecode.swift; path = RecommendViewController.swift; sourceTree = "<group>"; };
		2E6C26F22B49836600C87B4A /* UIColor+CustomColor.swift */ = {isa = PBXFileReference; lastKnownFileType = sourcecode.swift; path = "UIColor+CustomColor.swift"; sourceTree = "<group>"; };
		2E6C26F42B4983D600C87B4A /* UIView+addSubViews.swift */ = {isa = PBXFileReference; lastKnownFileType = sourcecode.swift; path = "UIView+addSubViews.swift"; sourceTree = "<group>"; };
		2E6C26F62B4983FC00C87B4A /* UITextField+AddPadding.swift */ = {isa = PBXFileReference; lastKnownFileType = sourcecode.swift; path = "UITextField+AddPadding.swift"; sourceTree = "<group>"; };
		2E6C26F82B49847200C87B4A /* UIStackView+AddArrangedSubviews.swift */ = {isa = PBXFileReference; lastKnownFileType = sourcecode.swift; path = "UIStackView+AddArrangedSubviews.swift"; sourceTree = "<group>"; };
		2E6C26FA2B4984B700C87B4A /* UIButton+Configuration.swift */ = {isa = PBXFileReference; lastKnownFileType = sourcecode.swift; path = "UIButton+Configuration.swift"; sourceTree = "<group>"; };
		2E6C270A2B4989D900C87B4A /* UIView+Gradient.swift */ = {isa = PBXFileReference; lastKnownFileType = sourcecode.swift; path = "UIView+Gradient.swift"; sourceTree = "<group>"; };
		2E6C270E2B498D8400C87B4A /* TabBarViewController.swift */ = {isa = PBXFileReference; lastKnownFileType = sourcecode.swift; path = TabBarViewController.swift; sourceTree = "<group>"; };
		2E7139582B5E7B05003D0190 /* .gitignore */ = {isa = PBXFileReference; lastKnownFileType = text; path = .gitignore; sourceTree = "<group>"; };
		2E8519092B6D23F10052EB30 /* ProfileCreationViewController.swift */ = {isa = PBXFileReference; lastKnownFileType = sourcecode.swift; path = ProfileCreationViewController.swift; sourceTree = "<group>"; };
		2E871E6F2B6E3DCB00B4BB70 /* InputTextFieldView.swift */ = {isa = PBXFileReference; lastKnownFileType = sourcecode.swift; path = InputTextFieldView.swift; sourceTree = "<group>"; };
		2EB001922B5E40BD00B74580 /* AuthenticationViewController.swift */ = {isa = PBXFileReference; lastKnownFileType = sourcecode.swift; path = AuthenticationViewController.swift; sourceTree = "<group>"; };
		2EC9AF5C2B666870003DF1A6 /* TermsViewController.swift */ = {isa = PBXFileReference; lastKnownFileType = sourcecode.swift; path = TermsViewController.swift; sourceTree = "<group>"; };
		2EE2E88C2B657A52006F81E9 /* KakaoAuthViewModel.swift */ = {isa = PBXFileReference; lastKnownFileType = sourcecode.swift; path = KakaoAuthViewModel.swift; sourceTree = "<group>"; };
		2EFA32EC2B70F1C100059188 /* DrinkingGourmet.entitlements */ = {isa = PBXFileReference; lastKnownFileType = text.plist.entitlements; path = DrinkingGourmet.entitlements; sourceTree = "<group>"; };
		2EFA32ED2B71153500059188 /* MainMenuBannerCollectionViewCell.swift */ = {isa = PBXFileReference; lastKnownFileType = sourcecode.swift; path = MainMenuBannerCollectionViewCell.swift; sourceTree = "<group>"; };
		2EFA32EF2B714B6200059188 /* UILabel + setLineSpacing.swift */ = {isa = PBXFileReference; lastKnownFileType = sourcecode.swift; path = "UILabel + setLineSpacing.swift"; sourceTree = "<group>"; };
		2EFA32F12B714CC000059188 /* RecommendView.swift */ = {isa = PBXFileReference; lastKnownFileType = sourcecode.swift; path = RecommendView.swift; sourceTree = "<group>"; };
		2EFA32F62B7156EF00059188 /* RecipeBookCollectionViewCell.swift */ = {isa = PBXFileReference; lastKnownFileType = sourcecode.swift; path = RecipeBookCollectionViewCell.swift; sourceTree = "<group>"; };
		2EFA32F92B71629100059188 /* GradientView.swift */ = {isa = PBXFileReference; lastKnownFileType = sourcecode.swift; path = GradientView.swift; sourceTree = "<group>"; };
		2EFA32FC2B71648500059188 /* TodayCombiCollectionViewCell.swift */ = {isa = PBXFileReference; lastKnownFileType = sourcecode.swift; path = TodayCombiCollectionViewCell.swift; sourceTree = "<group>"; };
		2EFF886A2B7BB0E00060C211 /* LoginInfoModel.swift */ = {isa = PBXFileReference; lastKnownFileType = sourcecode.swift; path = LoginInfoModel.swift; sourceTree = "<group>"; };
		5601EBB42B7BEE570043CCD4 /* CombinationDetailModel.swift */ = {isa = PBXFileReference; lastKnownFileType = sourcecode.swift; path = CombinationDetailModel.swift; sourceTree = "<group>"; };
		5601EBB62B7BEE750043CCD4 /* CombinationCommentModel.swift */ = {isa = PBXFileReference; lastKnownFileType = sourcecode.swift; path = CombinationCommentModel.swift; sourceTree = "<group>"; };
		5601EBB82B7BEE850043CCD4 /* CombinationDetailDataManager.swift */ = {isa = PBXFileReference; lastKnownFileType = sourcecode.swift; path = CombinationDetailDataManager.swift; sourceTree = "<group>"; };
		5601EBBA2B7BEED30043CCD4 /* CombinationCommentInput.swift */ = {isa = PBXFileReference; lastKnownFileType = sourcecode.swift; path = CombinationCommentInput.swift; sourceTree = "<group>"; };
		5601EBBF2B7C10F90043CCD4 /* RecipeBookHomeInput.swift */ = {isa = PBXFileReference; lastKnownFileType = sourcecode.swift; path = RecipeBookHomeInput.swift; sourceTree = "<group>"; };
		5601EBC12B7C110C0043CCD4 /* RecipeBookHomeModel.swift */ = {isa = PBXFileReference; lastKnownFileType = sourcecode.swift; path = RecipeBookHomeModel.swift; sourceTree = "<group>"; };
		5601EBC52B7C11C10043CCD4 /* RecipeBookHomeDataManager.swift */ = {isa = PBXFileReference; lastKnownFileType = sourcecode.swift; path = RecipeBookHomeDataManager.swift; sourceTree = "<group>"; };
		5601EBC72B7C169A0043CCD4 /* RecipeBookSearchVC.swift */ = {isa = PBXFileReference; lastKnownFileType = sourcecode.swift; path = RecipeBookSearchVC.swift; sourceTree = "<group>"; };
		5601EBCA2B7C1E470043CCD4 /* RecipeBookDetailModel.swift */ = {isa = PBXFileReference; lastKnownFileType = sourcecode.swift; path = RecipeBookDetailModel.swift; sourceTree = "<group>"; };
		5601EBCC2B7C1E9B0043CCD4 /* RecipeBookDetailDataManager.swift */ = {isa = PBXFileReference; lastKnownFileType = sourcecode.swift; path = RecipeBookDetailDataManager.swift; sourceTree = "<group>"; };
		5601EBCE2B7C289B0043CCD4 /* RecipeBookDetailImageModel.swift */ = {isa = PBXFileReference; lastKnownFileType = sourcecode.swift; path = RecipeBookDetailImageModel.swift; sourceTree = "<group>"; };
		5601EBD02B7C29480043CCD4 /* RecipeBookDetailImageInput.swift */ = {isa = PBXFileReference; lastKnownFileType = sourcecode.swift; path = RecipeBookDetailImageInput.swift; sourceTree = "<group>"; };
		5658DDF62B57498600F72F42 /* TodayCombinationViewController.swift */ = {isa = PBXFileReference; lastKnownFileType = sourcecode.swift; path = TodayCombinationViewController.swift; sourceTree = "<group>"; };
		5658DDF82B57C2A200F72F42 /* TodayCombinationCell.swift */ = {isa = PBXFileReference; lastKnownFileType = sourcecode.swift; path = TodayCombinationCell.swift; sourceTree = "<group>"; };
		5658DDFF2B582A8D00F72F42 /* TodayCombinationDetailViewController.swift */ = {isa = PBXFileReference; lastKnownFileType = sourcecode.swift; path = TodayCombinationDetailViewController.swift; sourceTree = "<group>"; };
		5658DE012B582AC200F72F42 /* TodayCombinationDetailView.swift */ = {isa = PBXFileReference; lastKnownFileType = sourcecode.swift; path = TodayCombinationDetailView.swift; sourceTree = "<group>"; };
		5668A2EA2B6EDB340009FCD6 /* SearchResultCell.swift */ = {isa = PBXFileReference; lastKnownFileType = sourcecode.swift; path = SearchResultCell.swift; sourceTree = "<group>"; };
		5668A2EC2B6EDB400009FCD6 /* SearchResultView.swift */ = {isa = PBXFileReference; lastKnownFileType = sourcecode.swift; path = SearchResultView.swift; sourceTree = "<group>"; };
		5668A2EE2B6EDB4F0009FCD6 /* CustomResultSearchBar.swift */ = {isa = PBXFileReference; lastKnownFileType = sourcecode.swift; path = CustomResultSearchBar.swift; sourceTree = "<group>"; };
		5668A2F02B6EDB580009FCD6 /* CustomSearchBar.swift */ = {isa = PBXFileReference; lastKnownFileType = sourcecode.swift; path = CustomSearchBar.swift; sourceTree = "<group>"; };
		5668A2F22B6EDB9F0009FCD6 /* SearchResultVC.swift */ = {isa = PBXFileReference; lastKnownFileType = sourcecode.swift; path = SearchResultVC.swift; sourceTree = "<group>"; };
		5668A2F82B6EDCC00009FCD6 /* CommunityHome.swift */ = {isa = PBXFileReference; lastKnownFileType = sourcecode.swift; path = CommunityHome.swift; sourceTree = "<group>"; };
		5668A2FA2B6EDCCC0009FCD6 /* CommunityHomeDataManager.swift */ = {isa = PBXFileReference; lastKnownFileType = sourcecode.swift; path = CommunityHomeDataManager.swift; sourceTree = "<group>"; };
		5668A2FC2B6EDCD70009FCD6 /* CommunityHomeView.swift */ = {isa = PBXFileReference; lastKnownFileType = sourcecode.swift; path = CommunityHomeView.swift; sourceTree = "<group>"; };
		5668A2FE2B6EDCE00009FCD6 /* CommunityHomeCell.swift */ = {isa = PBXFileReference; lastKnownFileType = sourcecode.swift; path = CommunityHomeCell.swift; sourceTree = "<group>"; };
		5668A3002B6EDCFC0009FCD6 /* CommunityHomeVC.swift */ = {isa = PBXFileReference; lastKnownFileType = sourcecode.swift; path = CommunityHomeVC.swift; sourceTree = "<group>"; };
		5668A3022B6EE3BD0009FCD6 /* WeeklyBestCell.swift */ = {isa = PBXFileReference; lastKnownFileType = sourcecode.swift; name = WeeklyBestCell.swift; path = DrinkingGourmet/Source/Community/Home/ViewController/WeeklyBestCell.swift; sourceTree = SOURCE_ROOT; };
		5668A3042B6EE3C70009FCD6 /* WeeklyBestView.swift */ = {isa = PBXFileReference; lastKnownFileType = sourcecode.swift; name = WeeklyBestView.swift; path = DrinkingGourmet/Source/Community/Home/ViewController/WeeklyBestView.swift; sourceTree = SOURCE_ROOT; };
		5668A3402B6F68280009FCD6 /* RecipeBookHomeVC.swift */ = {isa = PBXFileReference; lastKnownFileType = sourcecode.swift; path = RecipeBookHomeVC.swift; sourceTree = "<group>"; };
		5668A3422B6F68610009FCD6 /* RecipeBookHomeView.swift */ = {isa = PBXFileReference; lastKnownFileType = sourcecode.swift; path = RecipeBookHomeView.swift; sourceTree = "<group>"; };
		5668A3442B6F68780009FCD6 /* RecipeBookHomeCell.swift */ = {isa = PBXFileReference; lastKnownFileType = sourcecode.swift; path = RecipeBookHomeCell.swift; sourceTree = "<group>"; };
		5668A3462B6FBAB20009FCD6 /* RecipeBookDetailView.swift */ = {isa = PBXFileReference; lastKnownFileType = sourcecode.swift; path = RecipeBookDetailView.swift; sourceTree = "<group>"; };
		5668A34A2B6FBAE30009FCD6 /* RecipeBookDetailCell.swift */ = {isa = PBXFileReference; lastKnownFileType = sourcecode.swift; path = RecipeBookDetailCell.swift; sourceTree = "<group>"; };
		5668A34C2B6FBAF00009FCD6 /* RecipeBookDetailVC.swift */ = {isa = PBXFileReference; lastKnownFileType = sourcecode.swift; path = RecipeBookDetailVC.swift; sourceTree = "<group>"; };
		5668A34E2B6FC3F00009FCD6 /* RecipeBookDetailInfoView.swift */ = {isa = PBXFileReference; lastKnownFileType = sourcecode.swift; path = RecipeBookDetailInfoView.swift; sourceTree = "<group>"; };
		5668A3B62B76B1FA0009FCD6 /* CombinationHomeInput.swift */ = {isa = PBXFileReference; lastKnownFileType = sourcecode.swift; name = CombinationHomeInput.swift; path = DrinkingGourmet/Source/TodayCombination/Home/Model/CombinationHomeInput.swift; sourceTree = SOURCE_ROOT; };
		5668A3B82B76B2070009FCD6 /* CombinationHomeModel.swift */ = {isa = PBXFileReference; lastKnownFileType = sourcecode.swift; name = CombinationHomeModel.swift; path = DrinkingGourmet/Source/TodayCombination/Home/Model/CombinationHomeModel.swift; sourceTree = SOURCE_ROOT; };
		5668A3BA2B76B2120009FCD6 /* CombinationHomeDataManager.swift */ = {isa = PBXFileReference; lastKnownFileType = sourcecode.swift; name = CombinationHomeDataManager.swift; path = DrinkingGourmet/Source/TodayCombination/Home/Model/CombinationHomeDataManager.swift; sourceTree = SOURCE_ROOT; };
		5668A3D02B78F69C0009FCD6 /* CombinationSearchVC.swift */ = {isa = PBXFileReference; lastKnownFileType = sourcecode.swift; path = CombinationSearchVC.swift; sourceTree = "<group>"; };
		56A405532B5B250D00BF85A8 /* TodayCombinationDetailCell.swift */ = {isa = PBXFileReference; lastKnownFileType = sourcecode.swift; path = TodayCombinationDetailCell.swift; sourceTree = "<group>"; };
		56A405662B5F776200BF85A8 /* CommentInputView.swift */ = {isa = PBXFileReference; lastKnownFileType = sourcecode.swift; path = CommentInputView.swift; sourceTree = "<group>"; };
		56A9A93B2B6B52DC00EF7CA6 /* CommentView.swift */ = {isa = PBXFileReference; fileEncoding = 4; lastKnownFileType = sourcecode.swift; path = CommentView.swift; sourceTree = "<group>"; };
		56A9A93D2B6B52FE00EF7CA6 /* CommentsView.swift */ = {isa = PBXFileReference; fileEncoding = 4; lastKnownFileType = sourcecode.swift; path = CommentsView.swift; sourceTree = "<group>"; };
		56A9A93F2B6B530400EF7CA6 /* CommentAreaView.swift */ = {isa = PBXFileReference; fileEncoding = 4; lastKnownFileType = sourcecode.swift; path = CommentAreaView.swift; sourceTree = "<group>"; };
		56C9B2952B7CE6D200C59D60 /* WeeklyBestInput.swift */ = {isa = PBXFileReference; lastKnownFileType = sourcecode.swift; path = WeeklyBestInput.swift; sourceTree = "<group>"; };
		56C9B2972B7CE6E400C59D60 /* WeeklyBestModel.swift */ = {isa = PBXFileReference; lastKnownFileType = sourcecode.swift; path = WeeklyBestModel.swift; sourceTree = "<group>"; };
		56C9B2992B7CE70100C59D60 /* WeeklyBestDataManager.swift */ = {isa = PBXFileReference; lastKnownFileType = sourcecode.swift; path = WeeklyBestDataManager.swift; sourceTree = "<group>"; };
		56C9B29B2B7CE76600C59D60 /* WeeklyBestSearchVC.swift */ = {isa = PBXFileReference; lastKnownFileType = sourcecode.swift; path = WeeklyBestSearchVC.swift; sourceTree = "<group>"; };
		56EAD5892B6C6C1A005C3A80 /* TodayCombinationView.swift */ = {isa = PBXFileReference; lastKnownFileType = sourcecode.swift; path = TodayCombinationView.swift; sourceTree = "<group>"; };
		56F8A7152B8000C2000F6CA4 /* LikeViewController.swift */ = {isa = PBXFileReference; lastKnownFileType = sourcecode.swift; path = LikeViewController.swift; sourceTree = "<group>"; };
		56F8A7172B8000CA000F6CA4 /* LikeView.swift */ = {isa = PBXFileReference; lastKnownFileType = sourcecode.swift; path = LikeView.swift; sourceTree = "<group>"; };
		56F8A7192B800D6F000F6CA4 /* LikeCell.swift */ = {isa = PBXFileReference; lastKnownFileType = sourcecode.swift; path = LikeCell.swift; sourceTree = "<group>"; };
		56F8A71E2B80111A000F6CA4 /* LikeAllCombinationModel.swift */ = {isa = PBXFileReference; lastKnownFileType = sourcecode.swift; path = LikeAllCombinationModel.swift; sourceTree = "<group>"; };
		56F8A7202B80114C000F6CA4 /* LikeAllRecipeBookModel.swift */ = {isa = PBXFileReference; lastKnownFileType = sourcecode.swift; path = LikeAllRecipeBookModel.swift; sourceTree = "<group>"; };
		56F8A7222B801153000F6CA4 /* LikeDataManager.swift */ = {isa = PBXFileReference; lastKnownFileType = sourcecode.swift; path = LikeDataManager.swift; sourceTree = "<group>"; };
		56F8A7242B801166000F6CA4 /* LikeInput.swift */ = {isa = PBXFileReference; lastKnownFileType = sourcecode.swift; path = LikeInput.swift; sourceTree = "<group>"; };
		97EB4ABB2B70F5E5009A62EB /* InputMyMoodViewController.swift */ = {isa = PBXFileReference; fileEncoding = 4; lastKnownFileType = sourcecode.swift; path = InputMyMoodViewController.swift; sourceTree = "<group>"; };
		97EB4ABC2B70F5E5009A62EB /* InputMyFoodViewController.swift */ = {isa = PBXFileReference; fileEncoding = 4; lastKnownFileType = sourcecode.swift; path = InputMyFoodViewController.swift; sourceTree = "<group>"; };
		97EB4ABD2B70F5E5009A62EB /* SelectMyMoodViewController.swift */ = {isa = PBXFileReference; fileEncoding = 4; lastKnownFileType = sourcecode.swift; path = SelectMyMoodViewController.swift; sourceTree = "<group>"; };
		97EB4ABE2B70F5E5009A62EB /* SelectWeatherViewController.swift */ = {isa = PBXFileReference; fileEncoding = 4; lastKnownFileType = sourcecode.swift; path = SelectWeatherViewController.swift; sourceTree = "<group>"; };
		97EB4AC02B70F5E6009A62EB /* SelectDrunkDegreeViewController.swift */ = {isa = PBXFileReference; fileEncoding = 4; lastKnownFileType = sourcecode.swift; path = SelectDrunkDegreeViewController.swift; sourceTree = "<group>"; };
		97EB4AC92B70F626009A62EB /* SelectMyMoodResource.swift */ = {isa = PBXFileReference; lastKnownFileType = sourcecode.swift; name = SelectMyMoodResource.swift; path = DrinkingGourmet/Source/Recommend/MyRecommend/ViewController/SelectMyMoodResource.swift; sourceTree = SOURCE_ROOT; };
		97EB4ACB2B70F63B009A62EB /* SelectWeatherResource.swift */ = {isa = PBXFileReference; lastKnownFileType = sourcecode.swift; name = SelectWeatherResource.swift; path = DrinkingGourmet/Source/Recommend/MyRecommend/ViewController/SelectWeatherResource.swift; sourceTree = SOURCE_ROOT; };
		97EB4ACD2B70F668009A62EB /* SelectTypeOfLiquorViewController.swift */ = {isa = PBXFileReference; fileEncoding = 4; lastKnownFileType = sourcecode.swift; path = SelectTypeOfLiquorViewController.swift; sourceTree = "<group>"; };
		97EB4ACE2B70F668009A62EB /* MyDrinkStyleViewController.swift */ = {isa = PBXFileReference; fileEncoding = 4; lastKnownFileType = sourcecode.swift; path = MyDrinkStyleViewController.swift; sourceTree = "<group>"; };
		97EB4ACF2B70F668009A62EB /* SelectDrinkCapacityViewController.swift */ = {isa = PBXFileReference; fileEncoding = 4; lastKnownFileType = sourcecode.swift; path = SelectDrinkCapacityViewController.swift; sourceTree = "<group>"; };
		97EB4AD02B70F668009A62EB /* UserDrinkingTasteViewController.swift */ = {isa = PBXFileReference; fileEncoding = 4; lastKnownFileType = sourcecode.swift; path = UserDrinkingTasteViewController.swift; sourceTree = "<group>"; };
		97EB4AD12B70F668009A62EB /* SelectDrinkFrequencyViewController.swift */ = {isa = PBXFileReference; fileEncoding = 4; lastKnownFileType = sourcecode.swift; path = SelectDrinkFrequencyViewController.swift; sourceTree = "<group>"; };
		97EB4AD22B70F668009A62EB /* SelectAlcoholDegreeViewController.swift */ = {isa = PBXFileReference; fileEncoding = 4; lastKnownFileType = sourcecode.swift; path = SelectAlcoholDegreeViewController.swift; sourceTree = "<group>"; };
		97EB4AE22B70F704009A62EB /* CustomizedSlider.swift */ = {isa = PBXFileReference; fileEncoding = 4; lastKnownFileType = sourcecode.swift; path = CustomizedSlider.swift; sourceTree = "<group>"; };
		97EB4AE32B70F704009A62EB /* CustomizedSearchView.swift */ = {isa = PBXFileReference; fileEncoding = 4; lastKnownFileType = sourcecode.swift; path = CustomizedSearchView.swift; sourceTree = "<group>"; };
		97EB4AE42B70F704009A62EB /* CustomizedButtons.swift */ = {isa = PBXFileReference; fileEncoding = 4; lastKnownFileType = sourcecode.swift; path = CustomizedButtons.swift; sourceTree = "<group>"; };
		97EB4AE82B71101E009A62EB /* GetUserInfoViewController.swift */ = {isa = PBXFileReference; lastKnownFileType = sourcecode.swift; path = GetUserInfoViewController.swift; sourceTree = "<group>"; };
		97EB4AEA2B7140D2009A62EB /* SelectTypeOfLiquorResource.swift */ = {isa = PBXFileReference; lastKnownFileType = sourcecode.swift; path = SelectTypeOfLiquorResource.swift; sourceTree = "<group>"; };
		97EB4AEC2B7140E5009A62EB /* SelectAlcoholDegreeResource.swift */ = {isa = PBXFileReference; lastKnownFileType = sourcecode.swift; path = SelectAlcoholDegreeResource.swift; sourceTree = "<group>"; };
		97EB4AEE2B714100009A62EB /* SelectDrinkCapacityResource.swift */ = {isa = PBXFileReference; lastKnownFileType = sourcecode.swift; path = SelectDrinkCapacityResource.swift; sourceTree = "<group>"; };
		97EB4AF02B714123009A62EB /* SelectDrinkFrequencyResource.swift */ = {isa = PBXFileReference; lastKnownFileType = sourcecode.swift; path = SelectDrinkFrequencyResource.swift; sourceTree = "<group>"; };
		97EB4AF72B720CDB009A62EB /* Animation - 1707200937141.json */ = {isa = PBXFileReference; fileEncoding = 4; lastKnownFileType = text.json; path = "Animation - 1707200937141.json"; sourceTree = "<group>"; };
		97EB4AFB2B720D42009A62EB /* LoadingRecommendDrinkViewController.swift */ = {isa = PBXFileReference; lastKnownFileType = sourcecode.swift; path = LoadingRecommendDrinkViewController.swift; sourceTree = "<group>"; };
/* End PBXFileReference section */

/* Begin PBXFrameworksBuildPhase section */
		2E6C26C12B497AD200C87B4A /* Frameworks */ = {
			isa = PBXFrameworksBuildPhase;
			buildActionMask = 2147483647;
			files = (
				5683D7FC2B7CDB98003DF2B5 /* Kingfisher in Frameworks */,
				5683D80A2B7CDC03003DF2B5 /* KakaoSDKCommon in Frameworks */,
				5683D7FF2B7CDBFB003DF2B5 /* Alamofire in Frameworks */,
				5683D80D2B7CDC0D003DF2B5 /* Then in Frameworks */,
				5683D8082B7CDC03003DF2B5 /* KakaoSDKCertCore in Frameworks */,
				56C9B29F2B7CE8E000C59D60 /* Lottie in Frameworks */,
				5683D8022B7CDC03003DF2B5 /* KakaoSDK in Frameworks */,
				5683D8102B7CDC25003DF2B5 /* SnapKit in Frameworks */,
				5683D8042B7CDC03003DF2B5 /* KakaoSDKAuth in Frameworks */,
				5683D8062B7CDC03003DF2B5 /* KakaoSDKCert in Frameworks */,
			);
			runOnlyForDeploymentPostprocessing = 0;
		};
/* End PBXFrameworksBuildPhase section */

/* Begin PBXGroup section */
		2E0274DC2B6FCE3500F92177 /* Home */ = {
			isa = PBXGroup;
			children = (
			);
			path = Home;
			sourceTree = "<group>";
		};
		2E0274DD2B6FCE6200F92177 /* MainMenu */ = {
			isa = PBXGroup;
			children = (
				2E0274DE2B6FCF4500F92177 /* ViewController */,
				2EFA32F32B714E6D00059188 /* View */,
			);
			path = MainMenu;
			sourceTree = "<group>";
		};
		2E0274DE2B6FCF4500F92177 /* ViewController */ = {
			isa = PBXGroup;
			children = (
				2E0274DF2B6FCF5200F92177 /* MainMenuViewController.swift */,
				2EFA32ED2B71153500059188 /* MainMenuBannerCollectionViewCell.swift */,
				2EFA32F62B7156EF00059188 /* RecipeBookCollectionViewCell.swift */,
				2EFA32FC2B71648500059188 /* TodayCombiCollectionViewCell.swift */,
			);
			path = ViewController;
			sourceTree = "<group>";
		};
		2E1D4F062B72813B0065D9B2 /* Model */ = {
			isa = PBXGroup;
			children = (
				2E1D4F072B72816A0065D9B2 /* UserInfoModel.swift */,
				2EFF886A2B7BB0E00060C211 /* LoginInfoModel.swift */,
				2E56A0DA2B76499A007747ED /* UserInfoDataManager.swift */,
			);
			path = Model;
			sourceTree = "<group>";
		};
		2E3E5A792B6C04250000E651 /* Upload */ = {
			isa = PBXGroup;
			children = (
				2E0274DC2B6FCE3500F92177 /* Home */,
				2E3E5A7B2B6C04490000E651 /* View */,
				2E3E5A7A2B6C04400000E651 /* ViewController */,
			);
			path = Upload;
			sourceTree = "<group>";
		};
		2E3E5A7A2B6C04400000E651 /* ViewController */ = {
			isa = PBXGroup;
			children = (
				2E3E5A7E2B6C0CA10000E651 /* UploadedImgCollectionViewCell.swift */,
				2E3E5A7C2B6C04590000E651 /* UploadViewController.swift */,
			);
			path = ViewController;
			sourceTree = "<group>";
		};
		2E3E5A7B2B6C04490000E651 /* View */ = {
			isa = PBXGroup;
			children = (
			);
			path = View;
			sourceTree = "<group>";
		};
		2E6C26BB2B497AD200C87B4A = {
			isa = PBXGroup;
			children = (
				2E6C26C62B497AD200C87B4A /* DrinkingGourmet */,
				2E6C26C52B497AD200C87B4A /* Products */,
			);
			sourceTree = "<group>";
		};
		2E6C26C52B497AD200C87B4A /* Products */ = {
			isa = PBXGroup;
			children = (
				2E6C26C42B497AD200C87B4A /* DrinkingGourmet.app */,
			);
			name = Products;
			sourceTree = "<group>";
		};
		2E6C26C62B497AD200C87B4A /* DrinkingGourmet */ = {
			isa = PBXGroup;
			children = (
				2EFA32EC2B70F1C100059188 /* DrinkingGourmet.entitlements */,
				2E6C26E22B497E9E00C87B4A /* App */,
				2E6C26E12B497E7B00C87B4A /* Resource */,
				2E6C26E32B497EB900C87B4A /* Source */,
				2E6C26E42B497EFB00C87B4A /* Util */,
				2E6C26D52B497AD400C87B4A /* Info.plist */,
				2E7139582B5E7B05003D0190 /* .gitignore */,
			);
			path = DrinkingGourmet;
			sourceTree = "<group>";
		};
		2E6C26DD2B497E0E00C87B4A /* WeeklyBest */ = {
			isa = PBXGroup;
			children = (
				56C9B2942B7CE5D400C59D60 /* Model */,
				2E6C26DF2B497E1C00C87B4A /* View */,
				2E6C26E02B497E2500C87B4A /* ViewController */,
			);
			path = WeeklyBest;
			sourceTree = "<group>";
		};
		2E6C26DF2B497E1C00C87B4A /* View */ = {
			isa = PBXGroup;
			children = (
				5668A3022B6EE3BD0009FCD6 /* WeeklyBestCell.swift */,
				5668A3042B6EE3C70009FCD6 /* WeeklyBestView.swift */,
			);
			path = View;
			sourceTree = "<group>";
		};
		2E6C26E02B497E2500C87B4A /* ViewController */ = {
			isa = PBXGroup;
			children = (
				2E6C26DB2B497DE700C87B4A /* WeeklyBestVC.swift */,
				56C9B29B2B7CE76600C59D60 /* WeeklyBestSearchVC.swift */,
			);
			path = ViewController;
			sourceTree = "<group>";
		};
		2E6C26E12B497E7B00C87B4A /* Resource */ = {
			isa = PBXGroup;
			children = (
				2E6C26D02B497AD400C87B4A /* Assets.xcassets */,
			);
			path = Resource;
			sourceTree = "<group>";
		};
		2E6C26E22B497E9E00C87B4A /* App */ = {
			isa = PBXGroup;
			children = (
				2E6C26C72B497AD200C87B4A /* AppDelegate.swift */,
				2E6C26C92B497AD200C87B4A /* SceneDelegate.swift */,
				2E6C26D22B497AD400C87B4A /* LaunchScreen.storyboard */,
			);
			path = App;
			sourceTree = "<group>";
		};
		2E6C26E32B497EB900C87B4A /* Source */ = {
			isa = PBXGroup;
			children = (
				56F8A7112B80008B000F6CA4 /* Like */,
				2EB001902B5E40A400B74580 /* UserAuthentication */,
				2E0274DD2B6FCE6200F92177 /* MainMenu */,
				5668A3302B6F66DD0009FCD6 /* RecipeBook */,
				5668A2E42B6EDADC0009FCD6 /* Community */,
				2E3E5A792B6C04250000E651 /* Upload */,
				5658DDF22B57491D00F72F42 /* TodayCombination */,
				2E6C270C2B498D6D00C87B4A /* TabBar */,
				2E6C26E62B49812100C87B4A /* Recommend */,
				2E6C26DD2B497E0E00C87B4A /* WeeklyBest */,
			);
			path = Source;
			sourceTree = "<group>";
		};
		2E6C26E42B497EFB00C87B4A /* Util */ = {
			isa = PBXGroup;
			children = (
				2EFA32F82B71627A00059188 /* Gradient */,
				2E871E6E2B6E3DB100B4BB70 /* InputTextField */,
				2E6C26E52B497F0300C87B4A /* Extension */,
			);
			path = Util;
			sourceTree = "<group>";
		};
		2E6C26E52B497F0300C87B4A /* Extension */ = {
			isa = PBXGroup;
			children = (
				2E6C26F22B49836600C87B4A /* UIColor+CustomColor.swift */,
				2E6C26F42B4983D600C87B4A /* UIView+addSubViews.swift */,
				2E6C26F62B4983FC00C87B4A /* UITextField+AddPadding.swift */,
				2E6C26F82B49847200C87B4A /* UIStackView+AddArrangedSubviews.swift */,
				2E6C26FA2B4984B700C87B4A /* UIButton+Configuration.swift */,
				2E6C270A2B4989D900C87B4A /* UIView+Gradient.swift */,
				2EFA32EF2B714B6200059188 /* UILabel + setLineSpacing.swift */,
			);
			path = Extension;
			sourceTree = "<group>";
		};
		2E6C26E62B49812100C87B4A /* Recommend */ = {
			isa = PBXGroup;
			children = (
				97EB4AB72B70F56B009A62EB /* MyDrinkingStyle */,
				97EB4AB62B70F565009A62EB /* MyRecommend */,
				97EB4AD92B70F69F009A62EB /* Utils */,
			);
			path = Recommend;
			sourceTree = "<group>";
		};
		2E6C26E72B4981DD00C87B4A /* ViewController */ = {
			isa = PBXGroup;
			children = (
				97EB4ACE2B70F668009A62EB /* MyDrinkStyleViewController.swift */,
				2E6C26EA2B49820100C87B4A /* RecommendViewController.swift */,
				97EB4AC02B70F5E6009A62EB /* SelectDrunkDegreeViewController.swift */,
				97EB4ABC2B70F5E5009A62EB /* InputMyFoodViewController.swift */,
				97EB4ABD2B70F5E5009A62EB /* SelectMyMoodViewController.swift */,
				97EB4ABB2B70F5E5009A62EB /* InputMyMoodViewController.swift */,
				97EB4ABE2B70F5E5009A62EB /* SelectWeatherViewController.swift */,
				97EB4AFB2B720D42009A62EB /* LoadingRecommendDrinkViewController.swift */,
			);
			path = ViewController;
			sourceTree = "<group>";
		};
		2E6C26E82B4981E600C87B4A /* View */ = {
			isa = PBXGroup;
			children = (
			);
			name = View;
			path = ../View;
			sourceTree = "<group>";
		};
		2E6C26E92B4981EA00C87B4A /* Model */ = {
			isa = PBXGroup;
			children = (
				97EB4AC92B70F626009A62EB /* SelectMyMoodResource.swift */,
				97EB4ACB2B70F63B009A62EB /* SelectWeatherResource.swift */,
			);
			name = Model;
			path = ../Model;
			sourceTree = "<group>";
		};
		2E6C270C2B498D6D00C87B4A /* TabBar */ = {
			isa = PBXGroup;
			children = (
				2E6C270D2B498D7500C87B4A /* Viewcontroller */,
			);
			path = TabBar;
			sourceTree = "<group>";
		};
		2E6C270D2B498D7500C87B4A /* Viewcontroller */ = {
			isa = PBXGroup;
			children = (
				2E6C270E2B498D8400C87B4A /* TabBarViewController.swift */,
			);
			path = Viewcontroller;
			sourceTree = "<group>";
		};
		2E871E6E2B6E3DB100B4BB70 /* InputTextField */ = {
			isa = PBXGroup;
			children = (
				2E871E6F2B6E3DCB00B4BB70 /* InputTextFieldView.swift */,
			);
			path = InputTextField;
			sourceTree = "<group>";
		};
		2EB001902B5E40A400B74580 /* UserAuthentication */ = {
			isa = PBXGroup;
			children = (
				2E56A0DC2B78861B007747ED /* KeyChain.swift */,
				2EE2E88C2B657A52006F81E9 /* KakaoAuthViewModel.swift */,
				2E0274E52B6FEF3E00F92177 /* UserDefaultManager.swift */,
				2E1D4F062B72813B0065D9B2 /* Model */,
				2EB001912B5E40AE00B74580 /* Viewcontroller */,
			);
			path = UserAuthentication;
			sourceTree = "<group>";
		};
		2EB001912B5E40AE00B74580 /* Viewcontroller */ = {
			isa = PBXGroup;
			children = (
				2EB001922B5E40BD00B74580 /* AuthenticationViewController.swift */,
				2EC9AF5C2B666870003DF1A6 /* TermsViewController.swift */,
				2E8519092B6D23F10052EB30 /* ProfileCreationViewController.swift */,
			);
			path = Viewcontroller;
			sourceTree = "<group>";
		};
		2EFA32F32B714E6D00059188 /* View */ = {
			isa = PBXGroup;
			children = (
				2EFA32F12B714CC000059188 /* RecommendView.swift */,
			);
			path = View;
			sourceTree = "<group>";
		};
		2EFA32F82B71627A00059188 /* Gradient */ = {
			isa = PBXGroup;
			children = (
				2EFA32F92B71629100059188 /* GradientView.swift */,
			);
			path = Gradient;
			sourceTree = "<group>";
		};
		5601EBB22B7BEA960043CCD4 /* Model */ = {
			isa = PBXGroup;
			children = (
				5668A3B62B76B1FA0009FCD6 /* CombinationHomeInput.swift */,
				5668A3B82B76B2070009FCD6 /* CombinationHomeModel.swift */,
				5668A3BA2B76B2120009FCD6 /* CombinationHomeDataManager.swift */,
			);
			path = Model;
			sourceTree = "<group>";
		};
		5601EBB32B7BEE400043CCD4 /* Model */ = {
			isa = PBXGroup;
			children = (
				5601EBB42B7BEE570043CCD4 /* CombinationDetailModel.swift */,
				5601EBBA2B7BEED30043CCD4 /* CombinationCommentInput.swift */,
				5601EBB62B7BEE750043CCD4 /* CombinationCommentModel.swift */,
				5601EBB82B7BEE850043CCD4 /* CombinationDetailDataManager.swift */,
			);
			path = Model;
			sourceTree = "<group>";
		};
		5601EBBE2B7C10B10043CCD4 /* Model */ = {
			isa = PBXGroup;
			children = (
				5601EBBF2B7C10F90043CCD4 /* RecipeBookHomeInput.swift */,
				5601EBC12B7C110C0043CCD4 /* RecipeBookHomeModel.swift */,
				5601EBC52B7C11C10043CCD4 /* RecipeBookHomeDataManager.swift */,
			);
			path = Model;
			sourceTree = "<group>";
		};
		5601EBC92B7C1E360043CCD4 /* Model */ = {
			isa = PBXGroup;
			children = (
				5601EBCA2B7C1E470043CCD4 /* RecipeBookDetailModel.swift */,
				5601EBD02B7C29480043CCD4 /* RecipeBookDetailImageInput.swift */,
				5601EBCE2B7C289B0043CCD4 /* RecipeBookDetailImageModel.swift */,
				5601EBCC2B7C1E9B0043CCD4 /* RecipeBookDetailDataManager.swift */,
			);
			path = Model;
			sourceTree = "<group>";
		};
		560548662B663A66006026E0 /* Comments */ = {
			isa = PBXGroup;
			children = (
				56A9A93F2B6B530400EF7CA6 /* CommentAreaView.swift */,
				56A9A93D2B6B52FE00EF7CA6 /* CommentsView.swift */,
				56A9A93B2B6B52DC00EF7CA6 /* CommentView.swift */,
				56A405662B5F776200BF85A8 /* CommentInputView.swift */,
			);
			path = Comments;
			sourceTree = "<group>";
		};
		5658DDF22B57491D00F72F42 /* TodayCombination */ = {
			isa = PBXGroup;
			children = (
				5658DDFB2B58297600F72F42 /* Home */,
				5658DDFA2B58296B00F72F42 /* Detail */,
			);
			path = TodayCombination;
			sourceTree = "<group>";
		};
		5658DDF32B57495F00F72F42 /* ViewController */ = {
			isa = PBXGroup;
			children = (
				5658DDF62B57498600F72F42 /* TodayCombinationViewController.swift */,
				5668A3D02B78F69C0009FCD6 /* CombinationSearchVC.swift */,
			);
			path = ViewController;
			sourceTree = "<group>";
		};
		5658DDF42B57496F00F72F42 /* View */ = {
			isa = PBXGroup;
			children = (
				5658DDF82B57C2A200F72F42 /* TodayCombinationCell.swift */,
				56EAD5892B6C6C1A005C3A80 /* TodayCombinationView.swift */,
			);
			path = View;
			sourceTree = "<group>";
		};
		5658DDFA2B58296B00F72F42 /* Detail */ = {
			isa = PBXGroup;
			children = (
				5601EBB32B7BEE400043CCD4 /* Model */,
				5658DDFD2B582A4200F72F42 /* View */,
				5658DDFC2B582A3900F72F42 /* ViewController */,
			);
			path = Detail;
			sourceTree = "<group>";
		};
		5658DDFB2B58297600F72F42 /* Home */ = {
			isa = PBXGroup;
			children = (
				5601EBB22B7BEA960043CCD4 /* Model */,
				5658DDF42B57496F00F72F42 /* View */,
				5658DDF32B57495F00F72F42 /* ViewController */,
			);
			path = Home;
			sourceTree = "<group>";
		};
		5658DDFC2B582A3900F72F42 /* ViewController */ = {
			isa = PBXGroup;
			children = (
				5658DDFF2B582A8D00F72F42 /* TodayCombinationDetailViewController.swift */,
			);
			path = ViewController;
			sourceTree = "<group>";
		};
		5658DDFD2B582A4200F72F42 /* View */ = {
			isa = PBXGroup;
			children = (
				560548662B663A66006026E0 /* Comments */,
				5658DE012B582AC200F72F42 /* TodayCombinationDetailView.swift */,
				56A405532B5B250D00BF85A8 /* TodayCombinationDetailCell.swift */,
			);
			path = View;
			sourceTree = "<group>";
		};
		5668A2E42B6EDADC0009FCD6 /* Community */ = {
			isa = PBXGroup;
			children = (
				5668A2F42B6EDC690009FCD6 /* Home */,
				5668A2E52B6EDAE80009FCD6 /* Search */,
			);
			path = Community;
			sourceTree = "<group>";
		};
		5668A2E52B6EDAE80009FCD6 /* Search */ = {
			isa = PBXGroup;
			children = (
				5668A2E72B6EDAF90009FCD6 /* View */,
				5668A2E62B6EDAF20009FCD6 /* ViewController */,
			);
			path = Search;
			sourceTree = "<group>";
		};
		5668A2E62B6EDAF20009FCD6 /* ViewController */ = {
			isa = PBXGroup;
			children = (
				5668A2F22B6EDB9F0009FCD6 /* SearchResultVC.swift */,
			);
			path = ViewController;
			sourceTree = "<group>";
		};
		5668A2E72B6EDAF90009FCD6 /* View */ = {
			isa = PBXGroup;
			children = (
				5668A2EA2B6EDB340009FCD6 /* SearchResultCell.swift */,
				5668A2EC2B6EDB400009FCD6 /* SearchResultView.swift */,
				5668A2EE2B6EDB4F0009FCD6 /* CustomResultSearchBar.swift */,
				5668A2F02B6EDB580009FCD6 /* CustomSearchBar.swift */,
			);
			path = View;
			sourceTree = "<group>";
		};
		5668A2F42B6EDC690009FCD6 /* Home */ = {
			isa = PBXGroup;
			children = (
				5668A2F52B6EDC720009FCD6 /* Model */,
				5668A2F62B6EDC770009FCD6 /* View */,
				5668A2F72B6EDC800009FCD6 /* ViewController */,
			);
			path = Home;
			sourceTree = "<group>";
		};
		5668A2F52B6EDC720009FCD6 /* Model */ = {
			isa = PBXGroup;
			children = (
				5668A2F82B6EDCC00009FCD6 /* CommunityHome.swift */,
				5668A2FA2B6EDCCC0009FCD6 /* CommunityHomeDataManager.swift */,
			);
			path = Model;
			sourceTree = "<group>";
		};
		5668A2F62B6EDC770009FCD6 /* View */ = {
			isa = PBXGroup;
			children = (
				5668A2FC2B6EDCD70009FCD6 /* CommunityHomeView.swift */,
				5668A2FE2B6EDCE00009FCD6 /* CommunityHomeCell.swift */,
			);
			path = View;
			sourceTree = "<group>";
		};
		5668A2F72B6EDC800009FCD6 /* ViewController */ = {
			isa = PBXGroup;
			children = (
				5668A3002B6EDCFC0009FCD6 /* CommunityHomeVC.swift */,
			);
			path = ViewController;
			sourceTree = "<group>";
		};
		5668A3302B6F66DD0009FCD6 /* RecipeBook */ = {
			isa = PBXGroup;
			children = (
				5668A33C2B6F675D0009FCD6 /* Home */,
				5668A33B2B6F67570009FCD6 /* Detail */,
			);
			path = RecipeBook;
			sourceTree = "<group>";
		};
		5668A3312B6F66F40009FCD6 /* ViewController */ = {
			isa = PBXGroup;
			children = (
				5668A3402B6F68280009FCD6 /* RecipeBookHomeVC.swift */,
				5601EBC72B7C169A0043CCD4 /* RecipeBookSearchVC.swift */,
			);
			path = ViewController;
			sourceTree = "<group>";
		};
		5668A3322B6F66FD0009FCD6 /* View */ = {
			isa = PBXGroup;
			children = (
				5668A3422B6F68610009FCD6 /* RecipeBookHomeView.swift */,
				5668A3442B6F68780009FCD6 /* RecipeBookHomeCell.swift */,
			);
			path = View;
			sourceTree = "<group>";
		};
		5668A33B2B6F67570009FCD6 /* Detail */ = {
			isa = PBXGroup;
			children = (
				5601EBC92B7C1E360043CCD4 /* Model */,
				5668A33E2B6F68150009FCD6 /* View */,
				5668A33D2B6F680F0009FCD6 /* ViewController */,
			);
			path = Detail;
			sourceTree = "<group>";
		};
		5668A33C2B6F675D0009FCD6 /* Home */ = {
			isa = PBXGroup;
			children = (
				5601EBBE2B7C10B10043CCD4 /* Model */,
				5668A3322B6F66FD0009FCD6 /* View */,
				5668A3312B6F66F40009FCD6 /* ViewController */,
			);
			path = Home;
			sourceTree = "<group>";
		};
		5668A33D2B6F680F0009FCD6 /* ViewController */ = {
			isa = PBXGroup;
			children = (
				5668A34C2B6FBAF00009FCD6 /* RecipeBookDetailVC.swift */,
			);
			path = ViewController;
			sourceTree = "<group>";
		};
		5668A33E2B6F68150009FCD6 /* View */ = {
			isa = PBXGroup;
			children = (
				5668A34E2B6FC3F00009FCD6 /* RecipeBookDetailInfoView.swift */,
				5668A3462B6FBAB20009FCD6 /* RecipeBookDetailView.swift */,
				5668A34A2B6FBAE30009FCD6 /* RecipeBookDetailCell.swift */,
			);
			path = View;
			sourceTree = "<group>";
		};
		56C9B2942B7CE5D400C59D60 /* Model */ = {
			isa = PBXGroup;
			children = (
				56C9B2952B7CE6D200C59D60 /* WeeklyBestInput.swift */,
				56C9B2972B7CE6E400C59D60 /* WeeklyBestModel.swift */,
				56C9B2992B7CE70100C59D60 /* WeeklyBestDataManager.swift */,
			);
			path = Model;
			sourceTree = "<group>";
		};
		56F8A7112B80008B000F6CA4 /* Like */ = {
			isa = PBXGroup;
			children = (
				56F8A71D2B8010B7000F6CA4 /* Model */,
				56F8A7132B8000A6000F6CA4 /* View */,
				56F8A7122B800099000F6CA4 /* ViewController */,
			);
			path = Like;
			sourceTree = "<group>";
		};
		56F8A7122B800099000F6CA4 /* ViewController */ = {
			isa = PBXGroup;
			children = (
				56F8A7152B8000C2000F6CA4 /* LikeViewController.swift */,
			);
			path = ViewController;
			sourceTree = "<group>";
		};
		56F8A7132B8000A6000F6CA4 /* View */ = {
			isa = PBXGroup;
			children = (
				56F8A7172B8000CA000F6CA4 /* LikeView.swift */,
				56F8A7192B800D6F000F6CA4 /* LikeCell.swift */,
			);
			path = View;
			sourceTree = "<group>";
		};
		56F8A71D2B8010B7000F6CA4 /* Model */ = {
			isa = PBXGroup;
			children = (
				56F8A7242B801166000F6CA4 /* LikeInput.swift */,
				56F8A71E2B80111A000F6CA4 /* LikeAllCombinationModel.swift */,
				56F8A7202B80114C000F6CA4 /* LikeAllRecipeBookModel.swift */,
				56F8A7222B801153000F6CA4 /* LikeDataManager.swift */,
			);
			path = Model;
			sourceTree = "<group>";
		};
		97EB4AB62B70F565009A62EB /* MyRecommend */ = {
			isa = PBXGroup;
			children = (
				2E6C26E92B4981EA00C87B4A /* Model */,
				2E6C26E82B4981E600C87B4A /* View */,
				2E6C26E72B4981DD00C87B4A /* ViewController */,
			);
			path = MyRecommend;
			sourceTree = "<group>";
		};
		97EB4AB72B70F56B009A62EB /* MyDrinkingStyle */ = {
			isa = PBXGroup;
			children = (
				97EB4AB82B70F579009A62EB /* Model */,
				97EB4AB92B70F587009A62EB /* View */,
				97EB4ABA2B70F58C009A62EB /* Controller */,
			);
			path = MyDrinkingStyle;
			sourceTree = "<group>";
		};
		97EB4AB82B70F579009A62EB /* Model */ = {
			isa = PBXGroup;
			children = (
				97EB4AEA2B7140D2009A62EB /* SelectTypeOfLiquorResource.swift */,
				97EB4AEC2B7140E5009A62EB /* SelectAlcoholDegreeResource.swift */,
				97EB4AEE2B714100009A62EB /* SelectDrinkCapacityResource.swift */,
				97EB4AF02B714123009A62EB /* SelectDrinkFrequencyResource.swift */,
			);
			path = Model;
			sourceTree = "<group>";
		};
		97EB4AB92B70F587009A62EB /* View */ = {
			isa = PBXGroup;
			children = (
			);
			path = View;
			sourceTree = "<group>";
		};
		97EB4ABA2B70F58C009A62EB /* Controller */ = {
			isa = PBXGroup;
			children = (
				97EB4AE82B71101E009A62EB /* GetUserInfoViewController.swift */,
				97EB4ACD2B70F668009A62EB /* SelectTypeOfLiquorViewController.swift */,
				97EB4AD22B70F668009A62EB /* SelectAlcoholDegreeViewController.swift */,
				97EB4ACF2B70F668009A62EB /* SelectDrinkCapacityViewController.swift */,
				97EB4AD12B70F668009A62EB /* SelectDrinkFrequencyViewController.swift */,
				97EB4AD02B70F668009A62EB /* UserDrinkingTasteViewController.swift */,
			);
			path = Controller;
			sourceTree = "<group>";
		};
		97EB4AD92B70F69F009A62EB /* Utils */ = {
			isa = PBXGroup;
			children = (
				97EB4AF72B720CDB009A62EB /* Animation - 1707200937141.json */,
				97EB4AE42B70F704009A62EB /* CustomizedButtons.swift */,
				97EB4AE32B70F704009A62EB /* CustomizedSearchView.swift */,
				97EB4AE22B70F704009A62EB /* CustomizedSlider.swift */,
			);
			path = Utils;
			sourceTree = "<group>";
		};
/* End PBXGroup section */

/* Begin PBXNativeTarget section */
		2E6C26C32B497AD200C87B4A /* DrinkingGourmet */ = {
			isa = PBXNativeTarget;
			buildConfigurationList = 2E6C26D82B497AD400C87B4A /* Build configuration list for PBXNativeTarget "DrinkingGourmet" */;
			buildPhases = (
				2E6C26C02B497AD200C87B4A /* Sources */,
				2E6C26C12B497AD200C87B4A /* Frameworks */,
				2E6C26C22B497AD200C87B4A /* Resources */,
			);
			buildRules = (
			);
			dependencies = (
			);
			name = DrinkingGourmet;
			packageProductDependencies = (
				5683D7FB2B7CDB98003DF2B5 /* Kingfisher */,
				5683D7FE2B7CDBFB003DF2B5 /* Alamofire */,
				5683D8012B7CDC03003DF2B5 /* KakaoSDK */,
				5683D8032B7CDC03003DF2B5 /* KakaoSDKAuth */,
				5683D8052B7CDC03003DF2B5 /* KakaoSDKCert */,
				5683D8072B7CDC03003DF2B5 /* KakaoSDKCertCore */,
				5683D8092B7CDC03003DF2B5 /* KakaoSDKCommon */,
				5683D80C2B7CDC0D003DF2B5 /* Then */,
				5683D80F2B7CDC25003DF2B5 /* SnapKit */,
				56C9B29E2B7CE8E000C59D60 /* Lottie */,
			);
			productName = DrinkingGourmet;
			productReference = 2E6C26C42B497AD200C87B4A /* DrinkingGourmet.app */;
			productType = "com.apple.product-type.application";
		};
/* End PBXNativeTarget section */

/* Begin PBXProject section */
		2E6C26BC2B497AD200C87B4A /* Project object */ = {
			isa = PBXProject;
			attributes = {
				BuildIndependentTargetsInParallel = 1;
				LastSwiftUpdateCheck = 1510;
				LastUpgradeCheck = 1510;
				TargetAttributes = {
					2E6C26C32B497AD200C87B4A = {
						CreatedOnToolsVersion = 15.1;
					};
				};
			};
			buildConfigurationList = 2E6C26BF2B497AD200C87B4A /* Build configuration list for PBXProject "DrinkingGourmet" */;
			compatibilityVersion = "Xcode 14.0";
			developmentRegion = en;
			hasScannedForEncodings = 0;
			knownRegions = (
				en,
				Base,
			);
			mainGroup = 2E6C26BB2B497AD200C87B4A;
			packageReferences = (
				5683D7FA2B7CDB98003DF2B5 /* XCRemoteSwiftPackageReference "Kingfisher" */,
				5683D7FD2B7CDBFB003DF2B5 /* XCRemoteSwiftPackageReference "Alamofire" */,
				5683D8002B7CDC03003DF2B5 /* XCRemoteSwiftPackageReference "kakao-ios-sdk" */,
				5683D80B2B7CDC0D003DF2B5 /* XCRemoteSwiftPackageReference "Then" */,
				5683D80E2B7CDC25003DF2B5 /* XCRemoteSwiftPackageReference "SnapKit" */,
				56C9B29D2B7CE8E000C59D60 /* XCRemoteSwiftPackageReference "lottie-spm" */,
			);
			productRefGroup = 2E6C26C52B497AD200C87B4A /* Products */;
			projectDirPath = "";
			projectRoot = "";
			targets = (
				2E6C26C32B497AD200C87B4A /* DrinkingGourmet */,
			);
		};
/* End PBXProject section */

/* Begin PBXResourcesBuildPhase section */
		2E6C26C22B497AD200C87B4A /* Resources */ = {
			isa = PBXResourcesBuildPhase;
			buildActionMask = 2147483647;
			files = (
				2E6C26D42B497AD400C87B4A /* LaunchScreen.storyboard in Resources */,
				97EB4AF82B720CDB009A62EB /* Animation - 1707200937141.json in Resources */,
				2E7139592B5E7B05003D0190 /* .gitignore in Resources */,
				2E6C26D12B497AD400C87B4A /* Assets.xcassets in Resources */,
			);
			runOnlyForDeploymentPostprocessing = 0;
		};
/* End PBXResourcesBuildPhase section */

/* Begin PBXSourcesBuildPhase section */
		2E6C26C02B497AD200C87B4A /* Sources */ = {
			isa = PBXSourcesBuildPhase;
			buildActionMask = 2147483647;
			files = (
				2E6C270B2B4989D900C87B4A /* UIView+Gradient.swift in Sources */,
				2E6C26F72B4983FC00C87B4A /* UITextField+AddPadding.swift in Sources */,
				97EB4AD32B70F668009A62EB /* SelectTypeOfLiquorViewController.swift in Sources */,
				2E6C26C82B497AD200C87B4A /* AppDelegate.swift in Sources */,
				2E6C270F2B498D8400C87B4A /* TabBarViewController.swift in Sources */,
				97EB4AF12B714123009A62EB /* SelectDrinkFrequencyResource.swift in Sources */,
				56A405672B5F776200BF85A8 /* CommentInputView.swift in Sources */,
				97EB4AED2B7140E5009A62EB /* SelectAlcoholDegreeResource.swift in Sources */,
				2EFA32F72B7156EF00059188 /* RecipeBookCollectionViewCell.swift in Sources */,
				56A405542B5B250D00BF85A8 /* TodayCombinationDetailCell.swift in Sources */,
				2E0274E62B6FEF3E00F92177 /* UserDefaultManager.swift in Sources */,
				97EB4AC52B70F5E6009A62EB /* SelectWeatherViewController.swift in Sources */,
				5668A34F2B6FC3F00009FCD6 /* RecipeBookDetailInfoView.swift in Sources */,
				5601EBCB2B7C1E470043CCD4 /* RecipeBookDetailModel.swift in Sources */,
				97EB4AE92B71101E009A62EB /* GetUserInfoViewController.swift in Sources */,
				97EB4AD82B70F668009A62EB /* SelectAlcoholDegreeViewController.swift in Sources */,
				56C9B29C2B7CE76600C59D60 /* WeeklyBestSearchVC.swift in Sources */,
				5601EBB72B7BEE750043CCD4 /* CombinationCommentModel.swift in Sources */,
				2E6C26F52B4983D600C87B4A /* UIView+addSubViews.swift in Sources */,
				97EB4AE72B70F704009A62EB /* CustomizedButtons.swift in Sources */,
				97EB4AC22B70F5E6009A62EB /* InputMyMoodViewController.swift in Sources */,
				56F8A7232B801153000F6CA4 /* LikeDataManager.swift in Sources */,
				56C9B2982B7CE6E400C59D60 /* WeeklyBestModel.swift in Sources */,
				97EB4AC32B70F5E6009A62EB /* InputMyFoodViewController.swift in Sources */,
				56C9B2962B7CE6D200C59D60 /* WeeklyBestInput.swift in Sources */,
				2E6C26FB2B4984B700C87B4A /* UIButton+Configuration.swift in Sources */,
				5658DDF72B57498600F72F42 /* TodayCombinationViewController.swift in Sources */,
				5658DDF92B57C2A200F72F42 /* TodayCombinationCell.swift in Sources */,
				2E1D4F082B72816A0065D9B2 /* UserInfoModel.swift in Sources */,
				5601EBD12B7C29480043CCD4 /* RecipeBookDetailImageInput.swift in Sources */,
				56F8A71F2B80111A000F6CA4 /* LikeAllCombinationModel.swift in Sources */,
				5601EBB92B7BEE850043CCD4 /* CombinationDetailDataManager.swift in Sources */,
				5668A2F92B6EDCC00009FCD6 /* CommunityHome.swift in Sources */,
				5668A3B92B76B2070009FCD6 /* CombinationHomeModel.swift in Sources */,
				5601EBC22B7C110C0043CCD4 /* RecipeBookHomeModel.swift in Sources */,
				2E6C26EB2B49820100C87B4A /* RecommendViewController.swift in Sources */,
				5668A2F12B6EDB580009FCD6 /* CustomSearchBar.swift in Sources */,
				5668A3452B6F68780009FCD6 /* RecipeBookHomeCell.swift in Sources */,
				5668A2FD2B6EDCD70009FCD6 /* CommunityHomeView.swift in Sources */,
				97EB4AEB2B7140D2009A62EB /* SelectTypeOfLiquorResource.swift in Sources */,
				5668A34B2B6FBAE30009FCD6 /* RecipeBookDetailCell.swift in Sources */,
				5668A3012B6EDCFC0009FCD6 /* CommunityHomeVC.swift in Sources */,
				97EB4AD72B70F668009A62EB /* SelectDrinkFrequencyViewController.swift in Sources */,
				2E3E5A7D2B6C04590000E651 /* UploadViewController.swift in Sources */,
				97EB4AD42B70F668009A62EB /* MyDrinkStyleViewController.swift in Sources */,
				2EE2E88D2B657A52006F81E9 /* KakaoAuthViewModel.swift in Sources */,
				5668A34D2B6FBAF00009FCD6 /* RecipeBookDetailVC.swift in Sources */,
				2E56A0DB2B76499A007747ED /* UserInfoDataManager.swift in Sources */,
				56F8A71A2B800D6F000F6CA4 /* LikeCell.swift in Sources */,
				2E56A0DD2B78861B007747ED /* KeyChain.swift in Sources */,
				5668A2EF2B6EDB4F0009FCD6 /* CustomResultSearchBar.swift in Sources */,
				5668A2FB2B6EDCCC0009FCD6 /* CommunityHomeDataManager.swift in Sources */,
				56A9A93E2B6B52FE00EF7CA6 /* CommentsView.swift in Sources */,
				5668A2EB2B6EDB340009FCD6 /* SearchResultCell.swift in Sources */,
				2EFA32F02B714B6200059188 /* UILabel + setLineSpacing.swift in Sources */,
				5601EBCD2B7C1E9B0043CCD4 /* RecipeBookDetailDataManager.swift in Sources */,
				2EFA32EE2B71153500059188 /* MainMenuBannerCollectionViewCell.swift in Sources */,
				2EFF886B2B7BB0E00060C211 /* LoginInfoModel.swift in Sources */,
				56C9B29A2B7CE70100C59D60 /* WeeklyBestDataManager.swift in Sources */,
				2E6C26CA2B497AD200C87B4A /* SceneDelegate.swift in Sources */,
				5668A3D12B78F69C0009FCD6 /* CombinationSearchVC.swift in Sources */,
				5601EBC62B7C11C10043CCD4 /* RecipeBookHomeDataManager.swift in Sources */,
				97EB4AFC2B720D42009A62EB /* LoadingRecommendDrinkViewController.swift in Sources */,
				5668A3432B6F68610009FCD6 /* RecipeBookHomeView.swift in Sources */,
				5601EBBB2B7BEED30043CCD4 /* CombinationCommentInput.swift in Sources */,
				97EB4AEF2B714100009A62EB /* SelectDrinkCapacityResource.swift in Sources */,
				2E85190A2B6D23F10052EB30 /* ProfileCreationViewController.swift in Sources */,
				56F8A7182B8000CA000F6CA4 /* LikeView.swift in Sources */,
				5601EBC02B7C10F90043CCD4 /* RecipeBookHomeInput.swift in Sources */,
				2E6C26F32B49836600C87B4A /* UIColor+CustomColor.swift in Sources */,
				5601EBC82B7C169A0043CCD4 /* RecipeBookSearchVC.swift in Sources */,
				2E0274E02B6FCF5200F92177 /* MainMenuViewController.swift in Sources */,
				2EC9AF5D2B666870003DF1A6 /* TermsViewController.swift in Sources */,
				5668A2FF2B6EDCE00009FCD6 /* CommunityHomeCell.swift in Sources */,
				97EB4ACA2B70F626009A62EB /* SelectMyMoodResource.swift in Sources */,
				56EAD58A2B6C6C1A005C3A80 /* TodayCombinationView.swift in Sources */,
				97EB4AE62B70F704009A62EB /* CustomizedSearchView.swift in Sources */,
				2E871E702B6E3DCB00B4BB70 /* InputTextFieldView.swift in Sources */,
				2E6C26F92B49847200C87B4A /* UIStackView+AddArrangedSubviews.swift in Sources */,
				2E6C26DC2B497DE700C87B4A /* WeeklyBestVC.swift in Sources */,
				2EFA32FA2B71629100059188 /* GradientView.swift in Sources */,
				5668A2ED2B6EDB400009FCD6 /* SearchResultView.swift in Sources */,
				5668A3412B6F68280009FCD6 /* RecipeBookHomeVC.swift in Sources */,
				5601EBCF2B7C289B0043CCD4 /* RecipeBookDetailImageModel.swift in Sources */,
				2EFA32F22B714CC000059188 /* RecommendView.swift in Sources */,
				97EB4AC42B70F5E6009A62EB /* SelectMyMoodViewController.swift in Sources */,
				5668A3032B6EE3BD0009FCD6 /* WeeklyBestCell.swift in Sources */,
				5668A3052B6EE3C70009FCD6 /* WeeklyBestView.swift in Sources */,
				97EB4AD62B70F668009A62EB /* UserDrinkingTasteViewController.swift in Sources */,
				2EFA32FD2B71648500059188 /* TodayCombiCollectionViewCell.swift in Sources */,
				56F8A7212B80114C000F6CA4 /* LikeAllRecipeBookModel.swift in Sources */,
				5658DE022B582AC200F72F42 /* TodayCombinationDetailView.swift in Sources */,
				2EB001932B5E40BD00B74580 /* AuthenticationViewController.swift in Sources */,
				5668A3472B6FBAB20009FCD6 /* RecipeBookDetailView.swift in Sources */,
				56A9A93C2B6B52DC00EF7CA6 /* CommentView.swift in Sources */,
				56F8A7252B801166000F6CA4 /* LikeInput.swift in Sources */,
				5668A3B72B76B1FA0009FCD6 /* CombinationHomeInput.swift in Sources */,
				97EB4ACC2B70F63B009A62EB /* SelectWeatherResource.swift in Sources */,
				5668A3BB2B76B2120009FCD6 /* CombinationHomeDataManager.swift in Sources */,
				5658DE002B582A8D00F72F42 /* TodayCombinationDetailViewController.swift in Sources */,
				97EB4AC72B70F5E6009A62EB /* SelectDrunkDegreeViewController.swift in Sources */,
				56F8A7162B8000C2000F6CA4 /* LikeViewController.swift in Sources */,
				97EB4AE52B70F704009A62EB /* CustomizedSlider.swift in Sources */,
				5668A2F32B6EDB9F0009FCD6 /* SearchResultVC.swift in Sources */,
				2E3E5A7F2B6C0CA10000E651 /* UploadedImgCollectionViewCell.swift in Sources */,
				97EB4AD52B70F668009A62EB /* SelectDrinkCapacityViewController.swift in Sources */,
				5601EBB52B7BEE570043CCD4 /* CombinationDetailModel.swift in Sources */,
				56A9A9402B6B530400EF7CA6 /* CommentAreaView.swift in Sources */,
			);
			runOnlyForDeploymentPostprocessing = 0;
		};
/* End PBXSourcesBuildPhase section */

/* Begin PBXVariantGroup section */
		2E6C26D22B497AD400C87B4A /* LaunchScreen.storyboard */ = {
			isa = PBXVariantGroup;
			children = (
				2E6C26D32B497AD400C87B4A /* Base */,
			);
			name = LaunchScreen.storyboard;
			sourceTree = "<group>";
		};
/* End PBXVariantGroup section */

/* Begin XCBuildConfiguration section */
		2E6C26D62B497AD400C87B4A /* Debug */ = {
			isa = XCBuildConfiguration;
			buildSettings = {
				ALWAYS_SEARCH_USER_PATHS = NO;
				ASSETCATALOG_COMPILER_GENERATE_SWIFT_ASSET_SYMBOL_EXTENSIONS = YES;
				CLANG_ANALYZER_NONNULL = YES;
				CLANG_ANALYZER_NUMBER_OBJECT_CONVERSION = YES_AGGRESSIVE;
				CLANG_CXX_LANGUAGE_STANDARD = "gnu++20";
				CLANG_ENABLE_MODULES = YES;
				CLANG_ENABLE_OBJC_ARC = YES;
				CLANG_ENABLE_OBJC_WEAK = YES;
				CLANG_WARN_BLOCK_CAPTURE_AUTORELEASING = YES;
				CLANG_WARN_BOOL_CONVERSION = YES;
				CLANG_WARN_COMMA = YES;
				CLANG_WARN_CONSTANT_CONVERSION = YES;
				CLANG_WARN_DEPRECATED_OBJC_IMPLEMENTATIONS = YES;
				CLANG_WARN_DIRECT_OBJC_ISA_USAGE = YES_ERROR;
				CLANG_WARN_DOCUMENTATION_COMMENTS = YES;
				CLANG_WARN_EMPTY_BODY = YES;
				CLANG_WARN_ENUM_CONVERSION = YES;
				CLANG_WARN_INFINITE_RECURSION = YES;
				CLANG_WARN_INT_CONVERSION = YES;
				CLANG_WARN_NON_LITERAL_NULL_CONVERSION = YES;
				CLANG_WARN_OBJC_IMPLICIT_RETAIN_SELF = YES;
				CLANG_WARN_OBJC_LITERAL_CONVERSION = YES;
				CLANG_WARN_OBJC_ROOT_CLASS = YES_ERROR;
				CLANG_WARN_QUOTED_INCLUDE_IN_FRAMEWORK_HEADER = YES;
				CLANG_WARN_RANGE_LOOP_ANALYSIS = YES;
				CLANG_WARN_STRICT_PROTOTYPES = YES;
				CLANG_WARN_SUSPICIOUS_MOVE = YES;
				CLANG_WARN_UNGUARDED_AVAILABILITY = YES_AGGRESSIVE;
				CLANG_WARN_UNREACHABLE_CODE = YES;
				CLANG_WARN__DUPLICATE_METHOD_MATCH = YES;
				COPY_PHASE_STRIP = NO;
				DEBUG_INFORMATION_FORMAT = dwarf;
				ENABLE_STRICT_OBJC_MSGSEND = YES;
				ENABLE_TESTABILITY = YES;
				ENABLE_USER_SCRIPT_SANDBOXING = YES;
				GCC_C_LANGUAGE_STANDARD = gnu17;
				GCC_DYNAMIC_NO_PIC = NO;
				GCC_NO_COMMON_BLOCKS = YES;
				GCC_OPTIMIZATION_LEVEL = 0;
				GCC_PREPROCESSOR_DEFINITIONS = (
					"DEBUG=1",
					"$(inherited)",
				);
				GCC_WARN_64_TO_32_BIT_CONVERSION = YES;
				GCC_WARN_ABOUT_RETURN_TYPE = YES_ERROR;
				GCC_WARN_UNDECLARED_SELECTOR = YES;
				GCC_WARN_UNINITIALIZED_AUTOS = YES_AGGRESSIVE;
				GCC_WARN_UNUSED_FUNCTION = YES;
				GCC_WARN_UNUSED_VARIABLE = YES;
				INFOPLIST_KEY_CFBundleDisplayName = "음주미식회";
				IPHONEOS_DEPLOYMENT_TARGET = 17.0;
				LOCALIZATION_PREFERS_STRING_CATALOGS = YES;
				MTL_ENABLE_DEBUG_INFO = INCLUDE_SOURCE;
				MTL_FAST_MATH = YES;
				ONLY_ACTIVE_ARCH = YES;
				SDKROOT = iphoneos;
				SWIFT_ACTIVE_COMPILATION_CONDITIONS = "DEBUG $(inherited)";
				SWIFT_OPTIMIZATION_LEVEL = "-Onone";
			};
			name = Debug;
		};
		2E6C26D72B497AD400C87B4A /* Release */ = {
			isa = XCBuildConfiguration;
			buildSettings = {
				ALWAYS_SEARCH_USER_PATHS = NO;
				ASSETCATALOG_COMPILER_GENERATE_SWIFT_ASSET_SYMBOL_EXTENSIONS = YES;
				CLANG_ANALYZER_NONNULL = YES;
				CLANG_ANALYZER_NUMBER_OBJECT_CONVERSION = YES_AGGRESSIVE;
				CLANG_CXX_LANGUAGE_STANDARD = "gnu++20";
				CLANG_ENABLE_MODULES = YES;
				CLANG_ENABLE_OBJC_ARC = YES;
				CLANG_ENABLE_OBJC_WEAK = YES;
				CLANG_WARN_BLOCK_CAPTURE_AUTORELEASING = YES;
				CLANG_WARN_BOOL_CONVERSION = YES;
				CLANG_WARN_COMMA = YES;
				CLANG_WARN_CONSTANT_CONVERSION = YES;
				CLANG_WARN_DEPRECATED_OBJC_IMPLEMENTATIONS = YES;
				CLANG_WARN_DIRECT_OBJC_ISA_USAGE = YES_ERROR;
				CLANG_WARN_DOCUMENTATION_COMMENTS = YES;
				CLANG_WARN_EMPTY_BODY = YES;
				CLANG_WARN_ENUM_CONVERSION = YES;
				CLANG_WARN_INFINITE_RECURSION = YES;
				CLANG_WARN_INT_CONVERSION = YES;
				CLANG_WARN_NON_LITERAL_NULL_CONVERSION = YES;
				CLANG_WARN_OBJC_IMPLICIT_RETAIN_SELF = YES;
				CLANG_WARN_OBJC_LITERAL_CONVERSION = YES;
				CLANG_WARN_OBJC_ROOT_CLASS = YES_ERROR;
				CLANG_WARN_QUOTED_INCLUDE_IN_FRAMEWORK_HEADER = YES;
				CLANG_WARN_RANGE_LOOP_ANALYSIS = YES;
				CLANG_WARN_STRICT_PROTOTYPES = YES;
				CLANG_WARN_SUSPICIOUS_MOVE = YES;
				CLANG_WARN_UNGUARDED_AVAILABILITY = YES_AGGRESSIVE;
				CLANG_WARN_UNREACHABLE_CODE = YES;
				CLANG_WARN__DUPLICATE_METHOD_MATCH = YES;
				COPY_PHASE_STRIP = NO;
				DEBUG_INFORMATION_FORMAT = "dwarf-with-dsym";
				ENABLE_NS_ASSERTIONS = NO;
				ENABLE_STRICT_OBJC_MSGSEND = YES;
				ENABLE_USER_SCRIPT_SANDBOXING = YES;
				GCC_C_LANGUAGE_STANDARD = gnu17;
				GCC_NO_COMMON_BLOCKS = YES;
				GCC_WARN_64_TO_32_BIT_CONVERSION = YES;
				GCC_WARN_ABOUT_RETURN_TYPE = YES_ERROR;
				GCC_WARN_UNDECLARED_SELECTOR = YES;
				GCC_WARN_UNINITIALIZED_AUTOS = YES_AGGRESSIVE;
				GCC_WARN_UNUSED_FUNCTION = YES;
				GCC_WARN_UNUSED_VARIABLE = YES;
				INFOPLIST_KEY_CFBundleDisplayName = "음주미식회";
				IPHONEOS_DEPLOYMENT_TARGET = 17.0;
				LOCALIZATION_PREFERS_STRING_CATALOGS = YES;
				MTL_ENABLE_DEBUG_INFO = NO;
				MTL_FAST_MATH = YES;
				SDKROOT = iphoneos;
				SWIFT_COMPILATION_MODE = wholemodule;
				VALIDATE_PRODUCT = YES;
			};
			name = Release;
		};
		2E6C26D92B497AD400C87B4A /* Debug */ = {
			isa = XCBuildConfiguration;
			buildSettings = {
				ASSETCATALOG_COMPILER_APPICON_NAME = AppIcon;
				ASSETCATALOG_COMPILER_GLOBAL_ACCENT_COLOR_NAME = AccentColor;
				CODE_SIGN_ENTITLEMENTS = DrinkingGourmet/DrinkingGourmet.entitlements;
				CODE_SIGN_STYLE = Automatic;
				CURRENT_PROJECT_VERSION = 1;
				DEVELOPMENT_TEAM = 25HUNR4S37;
				GENERATE_INFOPLIST_FILE = YES;
				INFOPLIST_FILE = DrinkingGourmet/Info.plist;
				INFOPLIST_KEY_CFBundleDisplayName = "음주미식회";
				INFOPLIST_KEY_LSApplicationCategoryType = "public.app-category.food-and-drink";
				INFOPLIST_KEY_NSCameraUsageDescription = "카메라 접근을 위해 권한이 필요합니다. 허용하시겠습니까?";
				INFOPLIST_KEY_NSPhotoLibraryUsageDescription = "사진 접근을 위해 권한이 필요합니다. 허용하시겠습니까?";
				INFOPLIST_KEY_UIApplicationSupportsIndirectInputEvents = YES;
				INFOPLIST_KEY_UILaunchStoryboardName = LaunchScreen;
				INFOPLIST_KEY_UIMainStoryboardFile = "";
				INFOPLIST_KEY_UISupportedInterfaceOrientations_iPad = "UIInterfaceOrientationPortrait UIInterfaceOrientationPortraitUpsideDown UIInterfaceOrientationLandscapeLeft UIInterfaceOrientationLandscapeRight";
				INFOPLIST_KEY_UISupportedInterfaceOrientations_iPhone = "UIInterfaceOrientationPortrait UIInterfaceOrientationLandscapeLeft UIInterfaceOrientationLandscapeRight";
				IPHONEOS_DEPLOYMENT_TARGET = 17.0;
				LD_RUNPATH_SEARCH_PATHS = (
					"$(inherited)",
					"@executable_path/Frameworks",
				);
				MARKETING_VERSION = 1.0;
				PRODUCT_BUNDLE_IDENTIFIER = com.DrinkingGourmet;
				PRODUCT_NAME = "$(TARGET_NAME)";
				SUPPORTED_PLATFORMS = "iphoneos iphonesimulator";
				SUPPORTS_MACCATALYST = NO;
				SUPPORTS_MAC_DESIGNED_FOR_IPHONE_IPAD = NO;
				SUPPORTS_XR_DESIGNED_FOR_IPHONE_IPAD = NO;
				SWIFT_EMIT_LOC_STRINGS = YES;
				SWIFT_VERSION = 5.0;
				TARGETED_DEVICE_FAMILY = 1;
			};
			name = Debug;
		};
		2E6C26DA2B497AD400C87B4A /* Release */ = {
			isa = XCBuildConfiguration;
			buildSettings = {
				ASSETCATALOG_COMPILER_APPICON_NAME = AppIcon;
				ASSETCATALOG_COMPILER_GLOBAL_ACCENT_COLOR_NAME = AccentColor;
				CODE_SIGN_ENTITLEMENTS = DrinkingGourmet/DrinkingGourmet.entitlements;
				CODE_SIGN_STYLE = Automatic;
				CURRENT_PROJECT_VERSION = 1;
				DEVELOPMENT_TEAM = 25HUNR4S37;
				GENERATE_INFOPLIST_FILE = YES;
				INFOPLIST_FILE = DrinkingGourmet/Info.plist;
				INFOPLIST_KEY_CFBundleDisplayName = "음주미식회";
				INFOPLIST_KEY_LSApplicationCategoryType = "public.app-category.food-and-drink";
				INFOPLIST_KEY_NSCameraUsageDescription = "카메라 접근을 위해 권한이 필요합니다. 허용하시겠습니까?";
				INFOPLIST_KEY_NSPhotoLibraryUsageDescription = "사진 접근을 위해 권한이 필요합니다. 허용하시겠습니까?";
				INFOPLIST_KEY_UIApplicationSupportsIndirectInputEvents = YES;
				INFOPLIST_KEY_UILaunchStoryboardName = LaunchScreen;
				INFOPLIST_KEY_UIMainStoryboardFile = "";
				INFOPLIST_KEY_UISupportedInterfaceOrientations_iPad = "UIInterfaceOrientationPortrait UIInterfaceOrientationPortraitUpsideDown UIInterfaceOrientationLandscapeLeft UIInterfaceOrientationLandscapeRight";
				INFOPLIST_KEY_UISupportedInterfaceOrientations_iPhone = "UIInterfaceOrientationPortrait UIInterfaceOrientationLandscapeLeft UIInterfaceOrientationLandscapeRight";
				IPHONEOS_DEPLOYMENT_TARGET = 17.0;
				LD_RUNPATH_SEARCH_PATHS = (
					"$(inherited)",
					"@executable_path/Frameworks",
				);
				MARKETING_VERSION = 1.0;
				PRODUCT_BUNDLE_IDENTIFIER = com.DrinkingGourmet;
				PRODUCT_NAME = "$(TARGET_NAME)";
				SUPPORTED_PLATFORMS = "iphoneos iphonesimulator";
				SUPPORTS_MACCATALYST = NO;
				SUPPORTS_MAC_DESIGNED_FOR_IPHONE_IPAD = NO;
				SUPPORTS_XR_DESIGNED_FOR_IPHONE_IPAD = NO;
				SWIFT_EMIT_LOC_STRINGS = YES;
				SWIFT_VERSION = 5.0;
				TARGETED_DEVICE_FAMILY = 1;
			};
			name = Release;
		};
/* End XCBuildConfiguration section */

/* Begin XCConfigurationList section */
		2E6C26BF2B497AD200C87B4A /* Build configuration list for PBXProject "DrinkingGourmet" */ = {
			isa = XCConfigurationList;
			buildConfigurations = (
				2E6C26D62B497AD400C87B4A /* Debug */,
				2E6C26D72B497AD400C87B4A /* Release */,
			);
			defaultConfigurationIsVisible = 0;
			defaultConfigurationName = Release;
		};
		2E6C26D82B497AD400C87B4A /* Build configuration list for PBXNativeTarget "DrinkingGourmet" */ = {
			isa = XCConfigurationList;
			buildConfigurations = (
				2E6C26D92B497AD400C87B4A /* Debug */,
				2E6C26DA2B497AD400C87B4A /* Release */,
			);
			defaultConfigurationIsVisible = 0;
			defaultConfigurationName = Release;
		};
/* End XCConfigurationList section */

/* Begin XCRemoteSwiftPackageReference section */
		5683D7FA2B7CDB98003DF2B5 /* XCRemoteSwiftPackageReference "Kingfisher" */ = {
			isa = XCRemoteSwiftPackageReference;
			repositoryURL = "https://github.com/onevcat/Kingfisher.git";
			requirement = {
				kind = upToNextMajorVersion;
				minimumVersion = 7.11.0;
			};
		};
		5683D7FD2B7CDBFB003DF2B5 /* XCRemoteSwiftPackageReference "Alamofire" */ = {
			isa = XCRemoteSwiftPackageReference;
			repositoryURL = "https://github.com/Alamofire/Alamofire";
			requirement = {
				kind = upToNextMajorVersion;
				minimumVersion = 5.8.1;
			};
		};
		5683D8002B7CDC03003DF2B5 /* XCRemoteSwiftPackageReference "kakao-ios-sdk" */ = {
			isa = XCRemoteSwiftPackageReference;
			repositoryURL = "https://github.com/kakao/kakao-ios-sdk";
			requirement = {
				kind = upToNextMajorVersion;
				minimumVersion = 2.20.0;
			};
		};
		5683D80B2B7CDC0D003DF2B5 /* XCRemoteSwiftPackageReference "Then" */ = {
			isa = XCRemoteSwiftPackageReference;
			repositoryURL = "https://github.com/devxoul/Then";
			requirement = {
				kind = upToNextMajorVersion;
				minimumVersion = 3.0.0;
			};
		};
		5683D80E2B7CDC25003DF2B5 /* XCRemoteSwiftPackageReference "SnapKit" */ = {
			isa = XCRemoteSwiftPackageReference;
			repositoryURL = "https://github.com/SnapKit/SnapKit";
			requirement = {
				kind = upToNextMajorVersion;
				minimumVersion = 5.7.0;
			};
		};
		56C9B29D2B7CE8E000C59D60 /* XCRemoteSwiftPackageReference "lottie-spm" */ = {
			isa = XCRemoteSwiftPackageReference;
			repositoryURL = "https://github.com/airbnb/lottie-spm";
			requirement = {
				kind = upToNextMajorVersion;
				minimumVersion = 4.4.0;
			};
		};
/* End XCRemoteSwiftPackageReference section */

/* Begin XCSwiftPackageProductDependency section */
		5683D7FB2B7CDB98003DF2B5 /* Kingfisher */ = {
			isa = XCSwiftPackageProductDependency;
			package = 5683D7FA2B7CDB98003DF2B5 /* XCRemoteSwiftPackageReference "Kingfisher" */;
			productName = Kingfisher;
		};
		5683D7FE2B7CDBFB003DF2B5 /* Alamofire */ = {
			isa = XCSwiftPackageProductDependency;
			package = 5683D7FD2B7CDBFB003DF2B5 /* XCRemoteSwiftPackageReference "Alamofire" */;
			productName = Alamofire;
		};
		5683D8012B7CDC03003DF2B5 /* KakaoSDK */ = {
			isa = XCSwiftPackageProductDependency;
			package = 5683D8002B7CDC03003DF2B5 /* XCRemoteSwiftPackageReference "kakao-ios-sdk" */;
			productName = KakaoSDK;
		};
		5683D8032B7CDC03003DF2B5 /* KakaoSDKAuth */ = {
			isa = XCSwiftPackageProductDependency;
			package = 5683D8002B7CDC03003DF2B5 /* XCRemoteSwiftPackageReference "kakao-ios-sdk" */;
			productName = KakaoSDKAuth;
		};
		5683D8052B7CDC03003DF2B5 /* KakaoSDKCert */ = {
			isa = XCSwiftPackageProductDependency;
			package = 5683D8002B7CDC03003DF2B5 /* XCRemoteSwiftPackageReference "kakao-ios-sdk" */;
			productName = KakaoSDKCert;
		};
		5683D8072B7CDC03003DF2B5 /* KakaoSDKCertCore */ = {
			isa = XCSwiftPackageProductDependency;
			package = 5683D8002B7CDC03003DF2B5 /* XCRemoteSwiftPackageReference "kakao-ios-sdk" */;
			productName = KakaoSDKCertCore;
		};
		5683D8092B7CDC03003DF2B5 /* KakaoSDKCommon */ = {
			isa = XCSwiftPackageProductDependency;
			package = 5683D8002B7CDC03003DF2B5 /* XCRemoteSwiftPackageReference "kakao-ios-sdk" */;
			productName = KakaoSDKCommon;
		};
		5683D80C2B7CDC0D003DF2B5 /* Then */ = {
			isa = XCSwiftPackageProductDependency;
			package = 5683D80B2B7CDC0D003DF2B5 /* XCRemoteSwiftPackageReference "Then" */;
			productName = Then;
		};
		5683D80F2B7CDC25003DF2B5 /* SnapKit */ = {
			isa = XCSwiftPackageProductDependency;
			package = 5683D80E2B7CDC25003DF2B5 /* XCRemoteSwiftPackageReference "SnapKit" */;
			productName = SnapKit;
		};
		56C9B29E2B7CE8E000C59D60 /* Lottie */ = {
			isa = XCSwiftPackageProductDependency;
			package = 56C9B29D2B7CE8E000C59D60 /* XCRemoteSwiftPackageReference "lottie-spm" */;
			productName = Lottie;
		};
/* End XCSwiftPackageProductDependency section */
	};
	rootObject = 2E6C26BC2B497AD200C87B4A /* Project object */;
}
