// !$*UTF8*$!
{
	archiveVersion = 1;
	classes = {
	};
	objectVersion = 56;
	objects = {

/* Begin PBXBuildFile section */
		2E3E5A782B6C03700000E651 /* SnapKit in Frameworks */ = {isa = PBXBuildFile; productRef = 2E3E5A772B6C03700000E651 /* SnapKit */; };
		2E3E5A7D2B6C04590000E651 /* UploadViewController.swift in Sources */ = {isa = PBXBuildFile; fileRef = 2E3E5A7C2B6C04590000E651 /* UploadViewController.swift */; };
		2E3E5A7F2B6C0CA10000E651 /* UploadedImgCollectionViewCell.swift in Sources */ = {isa = PBXBuildFile; fileRef = 2E3E5A7E2B6C0CA10000E651 /* UploadedImgCollectionViewCell.swift */; };
		2E6C26C82B497AD200C87B4A /* AppDelegate.swift in Sources */ = {isa = PBXBuildFile; fileRef = 2E6C26C72B497AD200C87B4A /* AppDelegate.swift */; };
		2E6C26CA2B497AD200C87B4A /* SceneDelegate.swift in Sources */ = {isa = PBXBuildFile; fileRef = 2E6C26C92B497AD200C87B4A /* SceneDelegate.swift */; };
		2E6C26D12B497AD400C87B4A /* Assets.xcassets in Resources */ = {isa = PBXBuildFile; fileRef = 2E6C26D02B497AD400C87B4A /* Assets.xcassets */; };
		2E6C26D42B497AD400C87B4A /* LaunchScreen.storyboard in Resources */ = {isa = PBXBuildFile; fileRef = 2E6C26D22B497AD400C87B4A /* LaunchScreen.storyboard */; };
		2E6C26DC2B497DE700C87B4A /* WeeklyBestViewController.swift in Sources */ = {isa = PBXBuildFile; fileRef = 2E6C26DB2B497DE700C87B4A /* WeeklyBestViewController.swift */; };
		2E6C26EB2B49820100C87B4A /* RecommendViewController.swift in Sources */ = {isa = PBXBuildFile; fileRef = 2E6C26EA2B49820100C87B4A /* RecommendViewController.swift */; };
		2E6C26F32B49836600C87B4A /* UIColor+CustomColor.swift in Sources */ = {isa = PBXBuildFile; fileRef = 2E6C26F22B49836600C87B4A /* UIColor+CustomColor.swift */; };
		2E6C26F52B4983D600C87B4A /* UIView+addSubViews.swift in Sources */ = {isa = PBXBuildFile; fileRef = 2E6C26F42B4983D600C87B4A /* UIView+addSubViews.swift */; };
		2E6C26F72B4983FC00C87B4A /* UITextField+AddPadding.swift in Sources */ = {isa = PBXBuildFile; fileRef = 2E6C26F62B4983FC00C87B4A /* UITextField+AddPadding.swift */; };
		2E6C26F92B49847200C87B4A /* UIStackView+AddArrangedSubviews.swift in Sources */ = {isa = PBXBuildFile; fileRef = 2E6C26F82B49847200C87B4A /* UIStackView+AddArrangedSubviews.swift */; };
		2E6C26FB2B4984B700C87B4A /* UIButton+Configuration.swift in Sources */ = {isa = PBXBuildFile; fileRef = 2E6C26FA2B4984B700C87B4A /* UIButton+Configuration.swift */; };
		2E6C26FE2B4985C500C87B4A /* Kingfisher in Frameworks */ = {isa = PBXBuildFile; productRef = 2E6C26FD2B4985C500C87B4A /* Kingfisher */; };
		2E6C27012B4985D700C87B4A /* Alamofire in Frameworks */ = {isa = PBXBuildFile; productRef = 2E6C27002B4985D700C87B4A /* Alamofire */; };
		2E6C27042B4985E400C87B4A /* Then in Frameworks */ = {isa = PBXBuildFile; productRef = 2E6C27032B4985E400C87B4A /* Then */; };
		2E6C270B2B4989D900C87B4A /* UIView+Gradient.swift in Sources */ = {isa = PBXBuildFile; fileRef = 2E6C270A2B4989D900C87B4A /* UIView+Gradient.swift */; };
		2E6C270F2B498D8400C87B4A /* TabBarViewController.swift in Sources */ = {isa = PBXBuildFile; fileRef = 2E6C270E2B498D8400C87B4A /* TabBarViewController.swift */; };
		2E7139592B5E7B05003D0190 /* .gitignore in Resources */ = {isa = PBXBuildFile; fileRef = 2E7139582B5E7B05003D0190 /* .gitignore */; };
		2E85190A2B6D23F10052EB30 /* ProfileCreationViewController.swift in Sources */ = {isa = PBXBuildFile; fileRef = 2E8519092B6D23F10052EB30 /* ProfileCreationViewController.swift */; };
		2EB001932B5E40BD00B74580 /* AuthenticationViewController.swift in Sources */ = {isa = PBXBuildFile; fileRef = 2EB001922B5E40BD00B74580 /* AuthenticationViewController.swift */; };
		2EC9AF5D2B666870003DF1A6 /* TermsViewController.swift in Sources */ = {isa = PBXBuildFile; fileRef = 2EC9AF5C2B666870003DF1A6 /* TermsViewController.swift */; };
		2EE2E8832B654833006F81E9 /* KakaoSDK in Frameworks */ = {isa = PBXBuildFile; productRef = 2EE2E8822B654833006F81E9 /* KakaoSDK */; };
		2EE2E8852B654833006F81E9 /* KakaoSDKAuth in Frameworks */ = {isa = PBXBuildFile; productRef = 2EE2E8842B654833006F81E9 /* KakaoSDKAuth */; };
		2EE2E8872B654833006F81E9 /* KakaoSDKCert in Frameworks */ = {isa = PBXBuildFile; productRef = 2EE2E8862B654833006F81E9 /* KakaoSDKCert */; };
		2EE2E8892B654833006F81E9 /* KakaoSDKCertCore in Frameworks */ = {isa = PBXBuildFile; productRef = 2EE2E8882B654833006F81E9 /* KakaoSDKCertCore */; };
		2EE2E88B2B654833006F81E9 /* KakaoSDKCommon in Frameworks */ = {isa = PBXBuildFile; productRef = 2EE2E88A2B654833006F81E9 /* KakaoSDKCommon */; };
		2EE2E88D2B657A52006F81E9 /* KakaoAuthViewModel.swift in Sources */ = {isa = PBXBuildFile; fileRef = 2EE2E88C2B657A52006F81E9 /* KakaoAuthViewModel.swift */; };
		5658DDF72B57498600F72F42 /* TodayCombinationViewController.swift in Sources */ = {isa = PBXBuildFile; fileRef = 5658DDF62B57498600F72F42 /* TodayCombinationViewController.swift */; };
		5658DDF92B57C2A200F72F42 /* TodayCombinationCell.swift in Sources */ = {isa = PBXBuildFile; fileRef = 5658DDF82B57C2A200F72F42 /* TodayCombinationCell.swift */; };
		5658DE002B582A8D00F72F42 /* TodayCombinationDetailViewController.swift in Sources */ = {isa = PBXBuildFile; fileRef = 5658DDFF2B582A8D00F72F42 /* TodayCombinationDetailViewController.swift */; };
		5658DE022B582AC200F72F42 /* TodayCombinationDetailView.swift in Sources */ = {isa = PBXBuildFile; fileRef = 5658DE012B582AC200F72F42 /* TodayCombinationDetailView.swift */; };
		56A405542B5B250D00BF85A8 /* TodayCombinationDetailCell.swift in Sources */ = {isa = PBXBuildFile; fileRef = 56A405532B5B250D00BF85A8 /* TodayCombinationDetailCell.swift */; };
		56A405672B5F776200BF85A8 /* CommentInputView.swift in Sources */ = {isa = PBXBuildFile; fileRef = 56A405662B5F776200BF85A8 /* CommentInputView.swift */; };
		56A9A93C2B6B52DC00EF7CA6 /* CommentView.swift in Sources */ = {isa = PBXBuildFile; fileRef = 56A9A93B2B6B52DC00EF7CA6 /* CommentView.swift */; };
		56A9A93E2B6B52FE00EF7CA6 /* CommentsView.swift in Sources */ = {isa = PBXBuildFile; fileRef = 56A9A93D2B6B52FE00EF7CA6 /* CommentsView.swift */; };
		56A9A9402B6B530400EF7CA6 /* CommentAreaView.swift in Sources */ = {isa = PBXBuildFile; fileRef = 56A9A93F2B6B530400EF7CA6 /* CommentAreaView.swift */; };
		56EAD58A2B6C6C1A005C3A80 /* TodayCombinationView.swift in Sources */ = {isa = PBXBuildFile; fileRef = 56EAD5892B6C6C1A005C3A80 /* TodayCombinationView.swift */; };
/* End PBXBuildFile section */

/* Begin PBXFileReference section */
		2E3E5A7C2B6C04590000E651 /* UploadViewController.swift */ = {isa = PBXFileReference; lastKnownFileType = sourcecode.swift; path = UploadViewController.swift; sourceTree = "<group>"; };
		2E3E5A7E2B6C0CA10000E651 /* UploadedImgCollectionViewCell.swift */ = {isa = PBXFileReference; lastKnownFileType = sourcecode.swift; path = UploadedImgCollectionViewCell.swift; sourceTree = "<group>"; };
		2E6C26C42B497AD200C87B4A /* DrinkingGourmet.app */ = {isa = PBXFileReference; explicitFileType = wrapper.application; includeInIndex = 0; path = DrinkingGourmet.app; sourceTree = BUILT_PRODUCTS_DIR; };
		2E6C26C72B497AD200C87B4A /* AppDelegate.swift */ = {isa = PBXFileReference; lastKnownFileType = sourcecode.swift; path = AppDelegate.swift; sourceTree = "<group>"; };
		2E6C26C92B497AD200C87B4A /* SceneDelegate.swift */ = {isa = PBXFileReference; lastKnownFileType = sourcecode.swift; path = SceneDelegate.swift; sourceTree = "<group>"; };
		2E6C26D02B497AD400C87B4A /* Assets.xcassets */ = {isa = PBXFileReference; lastKnownFileType = folder.assetcatalog; path = Assets.xcassets; sourceTree = "<group>"; };
		2E6C26D32B497AD400C87B4A /* Base */ = {isa = PBXFileReference; lastKnownFileType = file.storyboard; name = Base; path = Base.lproj/LaunchScreen.storyboard; sourceTree = "<group>"; };
		2E6C26D52B497AD400C87B4A /* Info.plist */ = {isa = PBXFileReference; lastKnownFileType = text.plist.xml; path = Info.plist; sourceTree = "<group>"; };
		2E6C26DB2B497DE700C87B4A /* WeeklyBestViewController.swift */ = {isa = PBXFileReference; lastKnownFileType = sourcecode.swift; path = WeeklyBestViewController.swift; sourceTree = "<group>"; };
		2E6C26EA2B49820100C87B4A /* RecommendViewController.swift */ = {isa = PBXFileReference; lastKnownFileType = sourcecode.swift; path = RecommendViewController.swift; sourceTree = "<group>"; };
		2E6C26F22B49836600C87B4A /* UIColor+CustomColor.swift */ = {isa = PBXFileReference; lastKnownFileType = sourcecode.swift; path = "UIColor+CustomColor.swift"; sourceTree = "<group>"; };
		2E6C26F42B4983D600C87B4A /* UIView+addSubViews.swift */ = {isa = PBXFileReference; lastKnownFileType = sourcecode.swift; path = "UIView+addSubViews.swift"; sourceTree = "<group>"; };
		2E6C26F62B4983FC00C87B4A /* UITextField+AddPadding.swift */ = {isa = PBXFileReference; lastKnownFileType = sourcecode.swift; path = "UITextField+AddPadding.swift"; sourceTree = "<group>"; };
		2E6C26F82B49847200C87B4A /* UIStackView+AddArrangedSubviews.swift */ = {isa = PBXFileReference; lastKnownFileType = sourcecode.swift; path = "UIStackView+AddArrangedSubviews.swift"; sourceTree = "<group>"; };
		2E6C26FA2B4984B700C87B4A /* UIButton+Configuration.swift */ = {isa = PBXFileReference; lastKnownFileType = sourcecode.swift; path = "UIButton+Configuration.swift"; sourceTree = "<group>"; };
		2E6C270A2B4989D900C87B4A /* UIView+Gradient.swift */ = {isa = PBXFileReference; lastKnownFileType = sourcecode.swift; path = "UIView+Gradient.swift"; sourceTree = "<group>"; };
		2E6C270E2B498D8400C87B4A /* TabBarViewController.swift */ = {isa = PBXFileReference; lastKnownFileType = sourcecode.swift; path = TabBarViewController.swift; sourceTree = "<group>"; };
		2E7139582B5E7B05003D0190 /* .gitignore */ = {isa = PBXFileReference; lastKnownFileType = text; path = .gitignore; sourceTree = "<group>"; };
		2E8519092B6D23F10052EB30 /* ProfileCreationViewController.swift */ = {isa = PBXFileReference; lastKnownFileType = sourcecode.swift; path = ProfileCreationViewController.swift; sourceTree = "<group>"; };
		2EB001922B5E40BD00B74580 /* AuthenticationViewController.swift */ = {isa = PBXFileReference; lastKnownFileType = sourcecode.swift; path = AuthenticationViewController.swift; sourceTree = "<group>"; };
		2EC9AF5C2B666870003DF1A6 /* TermsViewController.swift */ = {isa = PBXFileReference; lastKnownFileType = sourcecode.swift; path = TermsViewController.swift; sourceTree = "<group>"; };
		2EE2E88C2B657A52006F81E9 /* KakaoAuthViewModel.swift */ = {isa = PBXFileReference; lastKnownFileType = sourcecode.swift; path = KakaoAuthViewModel.swift; sourceTree = "<group>"; };
		5658DDF62B57498600F72F42 /* TodayCombinationViewController.swift */ = {isa = PBXFileReference; lastKnownFileType = sourcecode.swift; path = TodayCombinationViewController.swift; sourceTree = "<group>"; };
		5658DDF82B57C2A200F72F42 /* TodayCombinationCell.swift */ = {isa = PBXFileReference; lastKnownFileType = sourcecode.swift; path = TodayCombinationCell.swift; sourceTree = "<group>"; };
		5658DDFF2B582A8D00F72F42 /* TodayCombinationDetailViewController.swift */ = {isa = PBXFileReference; lastKnownFileType = sourcecode.swift; path = TodayCombinationDetailViewController.swift; sourceTree = "<group>"; };
		5658DE012B582AC200F72F42 /* TodayCombinationDetailView.swift */ = {isa = PBXFileReference; lastKnownFileType = sourcecode.swift; path = TodayCombinationDetailView.swift; sourceTree = "<group>"; };
		56A405532B5B250D00BF85A8 /* TodayCombinationDetailCell.swift */ = {isa = PBXFileReference; lastKnownFileType = sourcecode.swift; path = TodayCombinationDetailCell.swift; sourceTree = "<group>"; };
		56A405662B5F776200BF85A8 /* CommentInputView.swift */ = {isa = PBXFileReference; lastKnownFileType = sourcecode.swift; path = CommentInputView.swift; sourceTree = "<group>"; };
		56A9A93B2B6B52DC00EF7CA6 /* CommentView.swift */ = {isa = PBXFileReference; fileEncoding = 4; lastKnownFileType = sourcecode.swift; path = CommentView.swift; sourceTree = "<group>"; };
		56A9A93D2B6B52FE00EF7CA6 /* CommentsView.swift */ = {isa = PBXFileReference; fileEncoding = 4; lastKnownFileType = sourcecode.swift; path = CommentsView.swift; sourceTree = "<group>"; };
		56A9A93F2B6B530400EF7CA6 /* CommentAreaView.swift */ = {isa = PBXFileReference; fileEncoding = 4; lastKnownFileType = sourcecode.swift; path = CommentAreaView.swift; sourceTree = "<group>"; };
		56EAD5892B6C6C1A005C3A80 /* TodayCombinationView.swift */ = {isa = PBXFileReference; lastKnownFileType = sourcecode.swift; path = TodayCombinationView.swift; sourceTree = "<group>"; };
/* End PBXFileReference section */

/* Begin PBXFrameworksBuildPhase section */
		2E6C26C12B497AD200C87B4A /* Frameworks */ = {
			isa = PBXFrameworksBuildPhase;
			buildActionMask = 2147483647;
			files = (
				2EE2E8852B654833006F81E9 /* KakaoSDKAuth in Frameworks */,
				2E6C26FE2B4985C500C87B4A /* Kingfisher in Frameworks */,
				2EE2E8872B654833006F81E9 /* KakaoSDKCert in Frameworks */,
				2E6C27042B4985E400C87B4A /* Then in Frameworks */,
				2E6C27012B4985D700C87B4A /* Alamofire in Frameworks */,
				2EE2E8832B654833006F81E9 /* KakaoSDK in Frameworks */,
				2E3E5A782B6C03700000E651 /* SnapKit in Frameworks */,
				2EE2E88B2B654833006F81E9 /* KakaoSDKCommon in Frameworks */,
				2EE2E8892B654833006F81E9 /* KakaoSDKCertCore in Frameworks */,
			);
			runOnlyForDeploymentPostprocessing = 0;
		};
/* End PBXFrameworksBuildPhase section */

/* Begin PBXGroup section */
		2E3E5A792B6C04250000E651 /* Upload */ = {
			isa = PBXGroup;
			children = (
				2E3E5A7B2B6C04490000E651 /* View */,
				2E3E5A7A2B6C04400000E651 /* ViewController */,
			);
			path = Upload;
			sourceTree = "<group>";
		};
		2E3E5A7A2B6C04400000E651 /* ViewController */ = {
			isa = PBXGroup;
			children = (
				2E3E5A7E2B6C0CA10000E651 /* UploadedImgCollectionViewCell.swift */,
				2E3E5A7C2B6C04590000E651 /* UploadViewController.swift */,
			);
			path = ViewController;
			sourceTree = "<group>";
		};
		2E3E5A7B2B6C04490000E651 /* View */ = {
			isa = PBXGroup;
			children = (
			);
			path = View;
			sourceTree = "<group>";
		};
		2E6C26BB2B497AD200C87B4A = {
			isa = PBXGroup;
			children = (
				2E6C26C62B497AD200C87B4A /* DrinkingGourmet */,
				2E6C26C52B497AD200C87B4A /* Products */,
			);
			sourceTree = "<group>";
		};
		2E6C26C52B497AD200C87B4A /* Products */ = {
			isa = PBXGroup;
			children = (
				2E6C26C42B497AD200C87B4A /* DrinkingGourmet.app */,
			);
			name = Products;
			sourceTree = "<group>";
		};
		2E6C26C62B497AD200C87B4A /* DrinkingGourmet */ = {
			isa = PBXGroup;
			children = (
				2E6C26E22B497E9E00C87B4A /* App */,
				2E6C26E12B497E7B00C87B4A /* Resource */,
				2E6C26E32B497EB900C87B4A /* Source */,
				2E6C26E42B497EFB00C87B4A /* Util */,
				2E6C26D52B497AD400C87B4A /* Info.plist */,
				2E7139582B5E7B05003D0190 /* .gitignore */,
			);
			path = DrinkingGourmet;
			sourceTree = "<group>";
		};
		2E6C26DD2B497E0E00C87B4A /* WeeklyBest */ = {
			isa = PBXGroup;
			children = (
				2E6C26DE2B497E1500C87B4A /* Model */,
				2E6C26DF2B497E1C00C87B4A /* View */,
				2E6C26E02B497E2500C87B4A /* ViewController */,
			);
			path = WeeklyBest;
			sourceTree = "<group>";
		};
		2E6C26DE2B497E1500C87B4A /* Model */ = {
			isa = PBXGroup;
			children = (
			);
			path = Model;
			sourceTree = "<group>";
		};
		2E6C26DF2B497E1C00C87B4A /* View */ = {
			isa = PBXGroup;
			children = (
			);
			path = View;
			sourceTree = "<group>";
		};
		2E6C26E02B497E2500C87B4A /* ViewController */ = {
			isa = PBXGroup;
			children = (
				2E6C26DB2B497DE700C87B4A /* WeeklyBestViewController.swift */,
			);
			path = ViewController;
			sourceTree = "<group>";
		};
		2E6C26E12B497E7B00C87B4A /* Resource */ = {
			isa = PBXGroup;
			children = (
				2E6C26D02B497AD400C87B4A /* Assets.xcassets */,
			);
			path = Resource;
			sourceTree = "<group>";
		};
		2E6C26E22B497E9E00C87B4A /* App */ = {
			isa = PBXGroup;
			children = (
				2E6C26C72B497AD200C87B4A /* AppDelegate.swift */,
				2E6C26C92B497AD200C87B4A /* SceneDelegate.swift */,
				2E6C26D22B497AD400C87B4A /* LaunchScreen.storyboard */,
			);
			path = App;
			sourceTree = "<group>";
		};
		2E6C26E32B497EB900C87B4A /* Source */ = {
			isa = PBXGroup;
			children = (
				2E3E5A792B6C04250000E651 /* Upload */,
				2EB001902B5E40A400B74580 /* UserAuthentication */,
				5658DDF22B57491D00F72F42 /* TodayCombination */,
				2E6C270C2B498D6D00C87B4A /* TabBar */,
				2E6C26E62B49812100C87B4A /* Recommend */,
				2E6C26DD2B497E0E00C87B4A /* WeeklyBest */,
			);
			path = Source;
			sourceTree = "<group>";
		};
		2E6C26E42B497EFB00C87B4A /* Util */ = {
			isa = PBXGroup;
			children = (
				2E6C26E52B497F0300C87B4A /* Extension */,
			);
			path = Util;
			sourceTree = "<group>";
		};
		2E6C26E52B497F0300C87B4A /* Extension */ = {
			isa = PBXGroup;
			children = (
				2E6C26F22B49836600C87B4A /* UIColor+CustomColor.swift */,
				2E6C26F42B4983D600C87B4A /* UIView+addSubViews.swift */,
				2E6C26F62B4983FC00C87B4A /* UITextField+AddPadding.swift */,
				2E6C26F82B49847200C87B4A /* UIStackView+AddArrangedSubviews.swift */,
				2E6C26FA2B4984B700C87B4A /* UIButton+Configuration.swift */,
				2E6C270A2B4989D900C87B4A /* UIView+Gradient.swift */,
			);
			path = Extension;
			sourceTree = "<group>";
		};
		2E6C26E62B49812100C87B4A /* Recommend */ = {
			isa = PBXGroup;
			children = (
				2E6C26E92B4981EA00C87B4A /* Model */,
				2E6C26E82B4981E600C87B4A /* View */,
				2E6C26E72B4981DD00C87B4A /* ViewController */,
			);
			path = Recommend;
			sourceTree = "<group>";
		};
		2E6C26E72B4981DD00C87B4A /* ViewController */ = {
			isa = PBXGroup;
			children = (
				2E6C26EA2B49820100C87B4A /* RecommendViewController.swift */,
			);
			path = ViewController;
			sourceTree = "<group>";
		};
		2E6C26E82B4981E600C87B4A /* View */ = {
			isa = PBXGroup;
			children = (
			);
			path = View;
			sourceTree = "<group>";
		};
		2E6C26E92B4981EA00C87B4A /* Model */ = {
			isa = PBXGroup;
			children = (
			);
			path = Model;
			sourceTree = "<group>";
		};
		2E6C270C2B498D6D00C87B4A /* TabBar */ = {
			isa = PBXGroup;
			children = (
				2E6C270D2B498D7500C87B4A /* Viewcontroller */,
			);
			path = TabBar;
			sourceTree = "<group>";
		};
		2E6C270D2B498D7500C87B4A /* Viewcontroller */ = {
			isa = PBXGroup;
			children = (
				2E6C270E2B498D8400C87B4A /* TabBarViewController.swift */,
			);
			path = Viewcontroller;
			sourceTree = "<group>";
		};
		2EB001902B5E40A400B74580 /* UserAuthentication */ = {
			isa = PBXGroup;
			children = (
				2EE2E88C2B657A52006F81E9 /* KakaoAuthViewModel.swift */,
				2EB001912B5E40AE00B74580 /* Viewcontroller */,
			);
			path = UserAuthentication;
			sourceTree = "<group>";
		};
		2EB001912B5E40AE00B74580 /* Viewcontroller */ = {
			isa = PBXGroup;
			children = (
				2EB001922B5E40BD00B74580 /* AuthenticationViewController.swift */,
				2EC9AF5C2B666870003DF1A6 /* TermsViewController.swift */,
				2E8519092B6D23F10052EB30 /* ProfileCreationViewController.swift */,
			);
			path = Viewcontroller;
			sourceTree = "<group>";
		};
		560548662B663A66006026E0 /* Comments */ = {
			isa = PBXGroup;
			children = (
				56A9A93F2B6B530400EF7CA6 /* CommentAreaView.swift */,
				56A9A93D2B6B52FE00EF7CA6 /* CommentsView.swift */,
				56A9A93B2B6B52DC00EF7CA6 /* CommentView.swift */,
				56A405662B5F776200BF85A8 /* CommentInputView.swift */,
			);
			path = Comments;
			sourceTree = "<group>";
		};
		5658DDF22B57491D00F72F42 /* TodayCombination */ = {
			isa = PBXGroup;
			children = (
				5658DDFB2B58297600F72F42 /* Home */,
				5658DDFA2B58296B00F72F42 /* Detail */,
			);
			path = TodayCombination;
			sourceTree = "<group>";
		};
		5658DDF32B57495F00F72F42 /* ViewController */ = {
			isa = PBXGroup;
			children = (
				5658DDF62B57498600F72F42 /* TodayCombinationViewController.swift */,
			);
			path = ViewController;
			sourceTree = "<group>";
		};
		5658DDF42B57496F00F72F42 /* View */ = {
			isa = PBXGroup;
			children = (
				5658DDF82B57C2A200F72F42 /* TodayCombinationCell.swift */,
				56EAD5892B6C6C1A005C3A80 /* TodayCombinationView.swift */,
			);
			path = View;
			sourceTree = "<group>";
		};
		5658DDF52B57497700F72F42 /* Model */ = {
			isa = PBXGroup;
			children = (
			);
			path = Model;
			sourceTree = "<group>";
		};
		5658DDFA2B58296B00F72F42 /* Detail */ = {
			isa = PBXGroup;
			children = (
				5658DDFE2B582A4D00F72F42 /* Model */,
				5658DDFD2B582A4200F72F42 /* View */,
				5658DDFC2B582A3900F72F42 /* ViewController */,
			);
			path = Detail;
			sourceTree = "<group>";
		};
		5658DDFB2B58297600F72F42 /* Home */ = {
			isa = PBXGroup;
			children = (
				5658DDF52B57497700F72F42 /* Model */,
				5658DDF42B57496F00F72F42 /* View */,
				5658DDF32B57495F00F72F42 /* ViewController */,
			);
			path = Home;
			sourceTree = "<group>";
		};
		5658DDFC2B582A3900F72F42 /* ViewController */ = {
			isa = PBXGroup;
			children = (
				5658DDFF2B582A8D00F72F42 /* TodayCombinationDetailViewController.swift */,
			);
			path = ViewController;
			sourceTree = "<group>";
		};
		5658DDFD2B582A4200F72F42 /* View */ = {
			isa = PBXGroup;
			children = (
				560548662B663A66006026E0 /* Comments */,
				5658DE012B582AC200F72F42 /* TodayCombinationDetailView.swift */,
				56A405532B5B250D00BF85A8 /* TodayCombinationDetailCell.swift */,
			);
			path = View;
			sourceTree = "<group>";
		};
		5658DDFE2B582A4D00F72F42 /* Model */ = {
			isa = PBXGroup;
			children = (
			);
			path = Model;
			sourceTree = "<group>";
		};
/* End PBXGroup section */

/* Begin PBXNativeTarget section */
		2E6C26C32B497AD200C87B4A /* DrinkingGourmet */ = {
			isa = PBXNativeTarget;
			buildConfigurationList = 2E6C26D82B497AD400C87B4A /* Build configuration list for PBXNativeTarget "DrinkingGourmet" */;
			buildPhases = (
				2E6C26C02B497AD200C87B4A /* Sources */,
				2E6C26C12B497AD200C87B4A /* Frameworks */,
				2E6C26C22B497AD200C87B4A /* Resources */,
			);
			buildRules = (
			);
			dependencies = (
			);
			name = DrinkingGourmet;
			packageProductDependencies = (
				2E6C26FD2B4985C500C87B4A /* Kingfisher */,
				2E6C27002B4985D700C87B4A /* Alamofire */,
				2E6C27032B4985E400C87B4A /* Then */,
				2EE2E8822B654833006F81E9 /* KakaoSDK */,
				2EE2E8842B654833006F81E9 /* KakaoSDKAuth */,
				2EE2E8862B654833006F81E9 /* KakaoSDKCert */,
				2EE2E8882B654833006F81E9 /* KakaoSDKCertCore */,
				2EE2E88A2B654833006F81E9 /* KakaoSDKCommon */,
				2E3E5A772B6C03700000E651 /* SnapKit */,
			);
			productName = DrinkingGourmet;
			productReference = 2E6C26C42B497AD200C87B4A /* DrinkingGourmet.app */;
			productType = "com.apple.product-type.application";
		};
/* End PBXNativeTarget section */

/* Begin PBXProject section */
		2E6C26BC2B497AD200C87B4A /* Project object */ = {
			isa = PBXProject;
			attributes = {
				BuildIndependentTargetsInParallel = 1;
				LastSwiftUpdateCheck = 1510;
				LastUpgradeCheck = 1510;
				TargetAttributes = {
					2E6C26C32B497AD200C87B4A = {
						CreatedOnToolsVersion = 15.1;
					};
				};
			};
			buildConfigurationList = 2E6C26BF2B497AD200C87B4A /* Build configuration list for PBXProject "DrinkingGourmet" */;
			compatibilityVersion = "Xcode 14.0";
			developmentRegion = en;
			hasScannedForEncodings = 0;
			knownRegions = (
				en,
				Base,
			);
			mainGroup = 2E6C26BB2B497AD200C87B4A;
			packageReferences = (
				2E6C26FC2B4985C500C87B4A /* XCRemoteSwiftPackageReference "Kingfisher" */,
				2E6C26FF2B4985D700C87B4A /* XCRemoteSwiftPackageReference "Alamofire" */,
				2E6C27022B4985E400C87B4A /* XCRemoteSwiftPackageReference "Then" */,
				2EE2E8812B654832006F81E9 /* XCRemoteSwiftPackageReference "kakao-ios-sdk" */,
				2E3E5A762B6C03700000E651 /* XCRemoteSwiftPackageReference "SnapKit" */,
			);
			productRefGroup = 2E6C26C52B497AD200C87B4A /* Products */;
			projectDirPath = "";
			projectRoot = "";
			targets = (
				2E6C26C32B497AD200C87B4A /* DrinkingGourmet */,
			);
		};
/* End PBXProject section */

/* Begin PBXResourcesBuildPhase section */
		2E6C26C22B497AD200C87B4A /* Resources */ = {
			isa = PBXResourcesBuildPhase;
			buildActionMask = 2147483647;
			files = (
				2E6C26D42B497AD400C87B4A /* LaunchScreen.storyboard in Resources */,
				2E7139592B5E7B05003D0190 /* .gitignore in Resources */,
				2E6C26D12B497AD400C87B4A /* Assets.xcassets in Resources */,
			);
			runOnlyForDeploymentPostprocessing = 0;
		};
/* End PBXResourcesBuildPhase section */

/* Begin PBXSourcesBuildPhase section */
		2E6C26C02B497AD200C87B4A /* Sources */ = {
			isa = PBXSourcesBuildPhase;
			buildActionMask = 2147483647;
			files = (
				2E6C270B2B4989D900C87B4A /* UIView+Gradient.swift in Sources */,
				2E6C26F72B4983FC00C87B4A /* UITextField+AddPadding.swift in Sources */,
				2E6C26C82B497AD200C87B4A /* AppDelegate.swift in Sources */,
				2E6C270F2B498D8400C87B4A /* TabBarViewController.swift in Sources */,
				56A405672B5F776200BF85A8 /* CommentInputView.swift in Sources */,
				56A405542B5B250D00BF85A8 /* TodayCombinationDetailCell.swift in Sources */,
				2E6C26F52B4983D600C87B4A /* UIView+addSubViews.swift in Sources */,
				2E6C26FB2B4984B700C87B4A /* UIButton+Configuration.swift in Sources */,
				5658DDF72B57498600F72F42 /* TodayCombinationViewController.swift in Sources */,
				5658DDF92B57C2A200F72F42 /* TodayCombinationCell.swift in Sources */,
				2E6C26EB2B49820100C87B4A /* RecommendViewController.swift in Sources */,
				2E3E5A7D2B6C04590000E651 /* UploadViewController.swift in Sources */,
				2EE2E88D2B657A52006F81E9 /* KakaoAuthViewModel.swift in Sources */,
				56A9A93E2B6B52FE00EF7CA6 /* CommentsView.swift in Sources */,
				2E6C26CA2B497AD200C87B4A /* SceneDelegate.swift in Sources */,
				2E85190A2B6D23F10052EB30 /* ProfileCreationViewController.swift in Sources */,
				2E6C26F32B49836600C87B4A /* UIColor+CustomColor.swift in Sources */,
				2EC9AF5D2B666870003DF1A6 /* TermsViewController.swift in Sources */,
				56EAD58A2B6C6C1A005C3A80 /* TodayCombinationView.swift in Sources */,
				2E6C26F92B49847200C87B4A /* UIStackView+AddArrangedSubviews.swift in Sources */,
				2E6C26DC2B497DE700C87B4A /* WeeklyBestViewController.swift in Sources */,
				5658DE022B582AC200F72F42 /* TodayCombinationDetailView.swift in Sources */,
				2EB001932B5E40BD00B74580 /* AuthenticationViewController.swift in Sources */,
				56A9A93C2B6B52DC00EF7CA6 /* CommentView.swift in Sources */,
				5658DE002B582A8D00F72F42 /* TodayCombinationDetailViewController.swift in Sources */,
				2E3E5A7F2B6C0CA10000E651 /* UploadedImgCollectionViewCell.swift in Sources */,
				56A9A9402B6B530400EF7CA6 /* CommentAreaView.swift in Sources */,
			);
			runOnlyForDeploymentPostprocessing = 0;
		};
/* End PBXSourcesBuildPhase section */

/* Begin PBXVariantGroup section */
		2E6C26D22B497AD400C87B4A /* LaunchScreen.storyboard */ = {
			isa = PBXVariantGroup;
			children = (
				2E6C26D32B497AD400C87B4A /* Base */,
			);
			name = LaunchScreen.storyboard;
			sourceTree = "<group>";
		};
/* End PBXVariantGroup section */

/* Begin XCBuildConfiguration section */
		2E6C26D62B497AD400C87B4A /* Debug */ = {
			isa = XCBuildConfiguration;
			buildSettings = {
				ALWAYS_SEARCH_USER_PATHS = NO;
				ASSETCATALOG_COMPILER_GENERATE_SWIFT_ASSET_SYMBOL_EXTENSIONS = YES;
				CLANG_ANALYZER_NONNULL = YES;
				CLANG_ANALYZER_NUMBER_OBJECT_CONVERSION = YES_AGGRESSIVE;
				CLANG_CXX_LANGUAGE_STANDARD = "gnu++20";
				CLANG_ENABLE_MODULES = YES;
				CLANG_ENABLE_OBJC_ARC = YES;
				CLANG_ENABLE_OBJC_WEAK = YES;
				CLANG_WARN_BLOCK_CAPTURE_AUTORELEASING = YES;
				CLANG_WARN_BOOL_CONVERSION = YES;
				CLANG_WARN_COMMA = YES;
				CLANG_WARN_CONSTANT_CONVERSION = YES;
				CLANG_WARN_DEPRECATED_OBJC_IMPLEMENTATIONS = YES;
				CLANG_WARN_DIRECT_OBJC_ISA_USAGE = YES_ERROR;
				CLANG_WARN_DOCUMENTATION_COMMENTS = YES;
				CLANG_WARN_EMPTY_BODY = YES;
				CLANG_WARN_ENUM_CONVERSION = YES;
				CLANG_WARN_INFINITE_RECURSION = YES;
				CLANG_WARN_INT_CONVERSION = YES;
				CLANG_WARN_NON_LITERAL_NULL_CONVERSION = YES;
				CLANG_WARN_OBJC_IMPLICIT_RETAIN_SELF = YES;
				CLANG_WARN_OBJC_LITERAL_CONVERSION = YES;
				CLANG_WARN_OBJC_ROOT_CLASS = YES_ERROR;
				CLANG_WARN_QUOTED_INCLUDE_IN_FRAMEWORK_HEADER = YES;
				CLANG_WARN_RANGE_LOOP_ANALYSIS = YES;
				CLANG_WARN_STRICT_PROTOTYPES = YES;
				CLANG_WARN_SUSPICIOUS_MOVE = YES;
				CLANG_WARN_UNGUARDED_AVAILABILITY = YES_AGGRESSIVE;
				CLANG_WARN_UNREACHABLE_CODE = YES;
				CLANG_WARN__DUPLICATE_METHOD_MATCH = YES;
				COPY_PHASE_STRIP = NO;
				DEBUG_INFORMATION_FORMAT = dwarf;
				ENABLE_STRICT_OBJC_MSGSEND = YES;
				ENABLE_TESTABILITY = YES;
				ENABLE_USER_SCRIPT_SANDBOXING = YES;
				GCC_C_LANGUAGE_STANDARD = gnu17;
				GCC_DYNAMIC_NO_PIC = NO;
				GCC_NO_COMMON_BLOCKS = YES;
				GCC_OPTIMIZATION_LEVEL = 0;
				GCC_PREPROCESSOR_DEFINITIONS = (
					"DEBUG=1",
					"$(inherited)",
				);
				GCC_WARN_64_TO_32_BIT_CONVERSION = YES;
				GCC_WARN_ABOUT_RETURN_TYPE = YES_ERROR;
				GCC_WARN_UNDECLARED_SELECTOR = YES;
				GCC_WARN_UNINITIALIZED_AUTOS = YES_AGGRESSIVE;
				GCC_WARN_UNUSED_FUNCTION = YES;
				GCC_WARN_UNUSED_VARIABLE = YES;
				INFOPLIST_KEY_CFBundleDisplayName = "음주미식회";
				IPHONEOS_DEPLOYMENT_TARGET = 17.0;
				LOCALIZATION_PREFERS_STRING_CATALOGS = YES;
				MTL_ENABLE_DEBUG_INFO = INCLUDE_SOURCE;
				MTL_FAST_MATH = YES;
				ONLY_ACTIVE_ARCH = YES;
				SDKROOT = iphoneos;
				SWIFT_ACTIVE_COMPILATION_CONDITIONS = "DEBUG $(inherited)";
				SWIFT_OPTIMIZATION_LEVEL = "-Onone";
			};
			name = Debug;
		};
		2E6C26D72B497AD400C87B4A /* Release */ = {
			isa = XCBuildConfiguration;
			buildSettings = {
				ALWAYS_SEARCH_USER_PATHS = NO;
				ASSETCATALOG_COMPILER_GENERATE_SWIFT_ASSET_SYMBOL_EXTENSIONS = YES;
				CLANG_ANALYZER_NONNULL = YES;
				CLANG_ANALYZER_NUMBER_OBJECT_CONVERSION = YES_AGGRESSIVE;
				CLANG_CXX_LANGUAGE_STANDARD = "gnu++20";
				CLANG_ENABLE_MODULES = YES;
				CLANG_ENABLE_OBJC_ARC = YES;
				CLANG_ENABLE_OBJC_WEAK = YES;
				CLANG_WARN_BLOCK_CAPTURE_AUTORELEASING = YES;
				CLANG_WARN_BOOL_CONVERSION = YES;
				CLANG_WARN_COMMA = YES;
				CLANG_WARN_CONSTANT_CONVERSION = YES;
				CLANG_WARN_DEPRECATED_OBJC_IMPLEMENTATIONS = YES;
				CLANG_WARN_DIRECT_OBJC_ISA_USAGE = YES_ERROR;
				CLANG_WARN_DOCUMENTATION_COMMENTS = YES;
				CLANG_WARN_EMPTY_BODY = YES;
				CLANG_WARN_ENUM_CONVERSION = YES;
				CLANG_WARN_INFINITE_RECURSION = YES;
				CLANG_WARN_INT_CONVERSION = YES;
				CLANG_WARN_NON_LITERAL_NULL_CONVERSION = YES;
				CLANG_WARN_OBJC_IMPLICIT_RETAIN_SELF = YES;
				CLANG_WARN_OBJC_LITERAL_CONVERSION = YES;
				CLANG_WARN_OBJC_ROOT_CLASS = YES_ERROR;
				CLANG_WARN_QUOTED_INCLUDE_IN_FRAMEWORK_HEADER = YES;
				CLANG_WARN_RANGE_LOOP_ANALYSIS = YES;
				CLANG_WARN_STRICT_PROTOTYPES = YES;
				CLANG_WARN_SUSPICIOUS_MOVE = YES;
				CLANG_WARN_UNGUARDED_AVAILABILITY = YES_AGGRESSIVE;
				CLANG_WARN_UNREACHABLE_CODE = YES;
				CLANG_WARN__DUPLICATE_METHOD_MATCH = YES;
				COPY_PHASE_STRIP = NO;
				DEBUG_INFORMATION_FORMAT = "dwarf-with-dsym";
				ENABLE_NS_ASSERTIONS = NO;
				ENABLE_STRICT_OBJC_MSGSEND = YES;
				ENABLE_USER_SCRIPT_SANDBOXING = YES;
				GCC_C_LANGUAGE_STANDARD = gnu17;
				GCC_NO_COMMON_BLOCKS = YES;
				GCC_WARN_64_TO_32_BIT_CONVERSION = YES;
				GCC_WARN_ABOUT_RETURN_TYPE = YES_ERROR;
				GCC_WARN_UNDECLARED_SELECTOR = YES;
				GCC_WARN_UNINITIALIZED_AUTOS = YES_AGGRESSIVE;
				GCC_WARN_UNUSED_FUNCTION = YES;
				GCC_WARN_UNUSED_VARIABLE = YES;
				INFOPLIST_KEY_CFBundleDisplayName = "음주미식회";
				IPHONEOS_DEPLOYMENT_TARGET = 17.0;
				LOCALIZATION_PREFERS_STRING_CATALOGS = YES;
				MTL_ENABLE_DEBUG_INFO = NO;
				MTL_FAST_MATH = YES;
				SDKROOT = iphoneos;
				SWIFT_COMPILATION_MODE = wholemodule;
				VALIDATE_PRODUCT = YES;
			};
			name = Release;
		};
		2E6C26D92B497AD400C87B4A /* Debug */ = {
			isa = XCBuildConfiguration;
			buildSettings = {
				ASSETCATALOG_COMPILER_APPICON_NAME = AppIcon;
				ASSETCATALOG_COMPILER_GLOBAL_ACCENT_COLOR_NAME = AccentColor;
				CODE_SIGN_STYLE = Automatic;
				CURRENT_PROJECT_VERSION = 1;
				DEVELOPMENT_TEAM = Q37X3LG46V;
				GENERATE_INFOPLIST_FILE = YES;
				INFOPLIST_FILE = DrinkingGourmet/Info.plist;
				INFOPLIST_KEY_CFBundleDisplayName = "음주미식회";
				INFOPLIST_KEY_UIApplicationSupportsIndirectInputEvents = YES;
				INFOPLIST_KEY_UILaunchStoryboardName = LaunchScreen;
				INFOPLIST_KEY_UIMainStoryboardFile = "";
				INFOPLIST_KEY_UISupportedInterfaceOrientations_iPad = "UIInterfaceOrientationPortrait UIInterfaceOrientationPortraitUpsideDown UIInterfaceOrientationLandscapeLeft UIInterfaceOrientationLandscapeRight";
				INFOPLIST_KEY_UISupportedInterfaceOrientations_iPhone = "UIInterfaceOrientationPortrait UIInterfaceOrientationLandscapeLeft UIInterfaceOrientationLandscapeRight";
				IPHONEOS_DEPLOYMENT_TARGET = 17.0;
				LD_RUNPATH_SEARCH_PATHS = (
					"$(inherited)",
					"@executable_path/Frameworks",
				);
				MARKETING_VERSION = 1.0;
				PRODUCT_BUNDLE_IDENTIFIER = hwijin.DrinkingGourmet;
				PRODUCT_NAME = "$(TARGET_NAME)";
				SUPPORTED_PLATFORMS = "iphoneos iphonesimulator";
				SUPPORTS_MACCATALYST = NO;
				SUPPORTS_MAC_DESIGNED_FOR_IPHONE_IPAD = NO;
				SUPPORTS_XR_DESIGNED_FOR_IPHONE_IPAD = NO;
				SWIFT_EMIT_LOC_STRINGS = YES;
				SWIFT_VERSION = 5.0;
				TARGETED_DEVICE_FAMILY = 1;
			};
			name = Debug;
		};
		2E6C26DA2B497AD400C87B4A /* Release */ = {
			isa = XCBuildConfiguration;
			buildSettings = {
				ASSETCATALOG_COMPILER_APPICON_NAME = AppIcon;
				ASSETCATALOG_COMPILER_GLOBAL_ACCENT_COLOR_NAME = AccentColor;
				CODE_SIGN_STYLE = Automatic;
				CURRENT_PROJECT_VERSION = 1;
				DEVELOPMENT_TEAM = Q37X3LG46V;
				GENERATE_INFOPLIST_FILE = YES;
				INFOPLIST_FILE = DrinkingGourmet/Info.plist;
				INFOPLIST_KEY_CFBundleDisplayName = "음주미식회";
				INFOPLIST_KEY_UIApplicationSupportsIndirectInputEvents = YES;
				INFOPLIST_KEY_UILaunchStoryboardName = LaunchScreen;
				INFOPLIST_KEY_UIMainStoryboardFile = "";
				INFOPLIST_KEY_UISupportedInterfaceOrientations_iPad = "UIInterfaceOrientationPortrait UIInterfaceOrientationPortraitUpsideDown UIInterfaceOrientationLandscapeLeft UIInterfaceOrientationLandscapeRight";
				INFOPLIST_KEY_UISupportedInterfaceOrientations_iPhone = "UIInterfaceOrientationPortrait UIInterfaceOrientationLandscapeLeft UIInterfaceOrientationLandscapeRight";
				IPHONEOS_DEPLOYMENT_TARGET = 17.0;
				LD_RUNPATH_SEARCH_PATHS = (
					"$(inherited)",
					"@executable_path/Frameworks",
				);
				MARKETING_VERSION = 1.0;
				PRODUCT_BUNDLE_IDENTIFIER = hwijin.DrinkingGourmet;
				PRODUCT_NAME = "$(TARGET_NAME)";
				SUPPORTED_PLATFORMS = "iphoneos iphonesimulator";
				SUPPORTS_MACCATALYST = NO;
				SUPPORTS_MAC_DESIGNED_FOR_IPHONE_IPAD = NO;
				SUPPORTS_XR_DESIGNED_FOR_IPHONE_IPAD = NO;
				SWIFT_EMIT_LOC_STRINGS = YES;
				SWIFT_VERSION = 5.0;
				TARGETED_DEVICE_FAMILY = 1;
			};
			name = Release;
		};
/* End XCBuildConfiguration section */

/* Begin XCConfigurationList section */
		2E6C26BF2B497AD200C87B4A /* Build configuration list for PBXProject "DrinkingGourmet" */ = {
			isa = XCConfigurationList;
			buildConfigurations = (
				2E6C26D62B497AD400C87B4A /* Debug */,
				2E6C26D72B497AD400C87B4A /* Release */,
			);
			defaultConfigurationIsVisible = 0;
			defaultConfigurationName = Release;
		};
		2E6C26D82B497AD400C87B4A /* Build configuration list for PBXNativeTarget "DrinkingGourmet" */ = {
			isa = XCConfigurationList;
			buildConfigurations = (
				2E6C26D92B497AD400C87B4A /* Debug */,
				2E6C26DA2B497AD400C87B4A /* Release */,
			);
			defaultConfigurationIsVisible = 0;
			defaultConfigurationName = Release;
		};
/* End XCConfigurationList section */

/* Begin XCRemoteSwiftPackageReference section */
		2E3E5A762B6C03700000E651 /* XCRemoteSwiftPackageReference "SnapKit" */ = {
			isa = XCRemoteSwiftPackageReference;
			repositoryURL = "https://github.com/SnapKit/SnapKit.git";
			requirement = {
				kind = upToNextMajorVersion;
				minimumVersion = 5.7.0;
			};
		};
		2E6C26FC2B4985C500C87B4A /* XCRemoteSwiftPackageReference "Kingfisher" */ = {
			isa = XCRemoteSwiftPackageReference;
			repositoryURL = "https://github.com/onevcat/Kingfisher.git";
			requirement = {
				kind = upToNextMajorVersion;
				minimumVersion = 7.10.1;
			};
		};
		2E6C26FF2B4985D700C87B4A /* XCRemoteSwiftPackageReference "Alamofire" */ = {
			isa = XCRemoteSwiftPackageReference;
			repositoryURL = "https://github.com/Alamofire/Alamofire";
			requirement = {
				kind = upToNextMajorVersion;
				minimumVersion = 5.8.1;
			};
		};
		2E6C27022B4985E400C87B4A /* XCRemoteSwiftPackageReference "Then" */ = {
			isa = XCRemoteSwiftPackageReference;
			repositoryURL = "https://github.com/devxoul/Then";
			requirement = {
				kind = upToNextMajorVersion;
				minimumVersion = 3.0.0;
			};
		};
		2EE2E8812B654832006F81E9 /* XCRemoteSwiftPackageReference "kakao-ios-sdk" */ = {
			isa = XCRemoteSwiftPackageReference;
			repositoryURL = "https://github.com/kakao/kakao-ios-sdk";
			requirement = {
				kind = upToNextMajorVersion;
				minimumVersion = 2.20.0;
			};
		};
/* End XCRemoteSwiftPackageReference section */

/* Begin XCSwiftPackageProductDependency section */
		2E3E5A772B6C03700000E651 /* SnapKit */ = {
			isa = XCSwiftPackageProductDependency;
			package = 2E3E5A762B6C03700000E651 /* XCRemoteSwiftPackageReference "SnapKit" */;
			productName = SnapKit;
		};
		2E6C26FD2B4985C500C87B4A /* Kingfisher */ = {
			isa = XCSwiftPackageProductDependency;
			package = 2E6C26FC2B4985C500C87B4A /* XCRemoteSwiftPackageReference "Kingfisher" */;
			productName = Kingfisher;
		};
		2E6C27002B4985D700C87B4A /* Alamofire */ = {
			isa = XCSwiftPackageProductDependency;
			package = 2E6C26FF2B4985D700C87B4A /* XCRemoteSwiftPackageReference "Alamofire" */;
			productName = Alamofire;
		};
		2E6C27032B4985E400C87B4A /* Then */ = {
			isa = XCSwiftPackageProductDependency;
			package = 2E6C27022B4985E400C87B4A /* XCRemoteSwiftPackageReference "Then" */;
			productName = Then;
		};
		2EE2E8822B654833006F81E9 /* KakaoSDK */ = {
			isa = XCSwiftPackageProductDependency;
			package = 2EE2E8812B654832006F81E9 /* XCRemoteSwiftPackageReference "kakao-ios-sdk" */;
			productName = KakaoSDK;
		};
		2EE2E8842B654833006F81E9 /* KakaoSDKAuth */ = {
			isa = XCSwiftPackageProductDependency;
			package = 2EE2E8812B654832006F81E9 /* XCRemoteSwiftPackageReference "kakao-ios-sdk" */;
			productName = KakaoSDKAuth;
		};
		2EE2E8862B654833006F81E9 /* KakaoSDKCert */ = {
			isa = XCSwiftPackageProductDependency;
			package = 2EE2E8812B654832006F81E9 /* XCRemoteSwiftPackageReference "kakao-ios-sdk" */;
			productName = KakaoSDKCert;
		};
		2EE2E8882B654833006F81E9 /* KakaoSDKCertCore */ = {
			isa = XCSwiftPackageProductDependency;
			package = 2EE2E8812B654832006F81E9 /* XCRemoteSwiftPackageReference "kakao-ios-sdk" */;
			productName = KakaoSDKCertCore;
		};
		2EE2E88A2B654833006F81E9 /* KakaoSDKCommon */ = {
			isa = XCSwiftPackageProductDependency;
			package = 2EE2E8812B654832006F81E9 /* XCRemoteSwiftPackageReference "kakao-ios-sdk" */;
			productName = KakaoSDKCommon;
		};
/* End XCSwiftPackageProductDependency section */
	};
	rootObject = 2E6C26BC2B497AD200C87B4A /* Project object */;
}
